// !$*UTF8*$!
{
	archiveVersion = 1;
	classes = {
	};
	objectVersion = 56;
	objects = {

/* Begin PBXBuildFile section */
		8BC86C232B85D0F400FE5B59 /* AppDelegate.swift in Sources */ = {isa = PBXBuildFile; fileRef = 8BC86C222B85D0F400FE5B59 /* AppDelegate.swift */; };
		8BC86C252B85D0F400FE5B59 /* SceneDelegate.swift in Sources */ = {isa = PBXBuildFile; fileRef = 8BC86C242B85D0F400FE5B59 /* SceneDelegate.swift */; };
		8BC86C2C2B85D0F500FE5B59 /* Assets.xcassets in Resources */ = {isa = PBXBuildFile; fileRef = 8BC86C2B2B85D0F500FE5B59 /* Assets.xcassets */; };
		8BC86C2F2B85D0F500FE5B59 /* LaunchScreen.storyboard in Resources */ = {isa = PBXBuildFile; fileRef = 8BC86C2D2B85D0F500FE5B59 /* LaunchScreen.storyboard */; };
		8BC86C3A2B85D0F500FE5B59 /* SoccerWorkoutTests.swift in Sources */ = {isa = PBXBuildFile; fileRef = 8BC86C392B85D0F500FE5B59 /* SoccerWorkoutTests.swift */; };
		8BC86C442B85D0F500FE5B59 /* SoccerWorkoutUITests.swift in Sources */ = {isa = PBXBuildFile; fileRef = 8BC86C432B85D0F500FE5B59 /* SoccerWorkoutUITests.swift */; };
		8BC86C462B85D0F500FE5B59 /* SoccerWorkoutUITestsLaunchTests.swift in Sources */ = {isa = PBXBuildFile; fileRef = 8BC86C452B85D0F500FE5B59 /* SoccerWorkoutUITestsLaunchTests.swift */; };
		8BC86C582B85D31300FE5B59 /* CoreAssembly.swift in Sources */ = {isa = PBXBuildFile; fileRef = 8BC86C572B85D31300FE5B59 /* CoreAssembly.swift */; };
		8BC86C5A2B85D32500FE5B59 /* ServiceAssembly.swift in Sources */ = {isa = PBXBuildFile; fileRef = 8BC86C592B85D32500FE5B59 /* ServiceAssembly.swift */; };
		8BC86C5C2B85D34500FE5B59 /* PresentationAssembly.swift in Sources */ = {isa = PBXBuildFile; fileRef = 8BC86C5B2B85D34500FE5B59 /* PresentationAssembly.swift */; };
		8BC86C682B8613FF00FE5B59 /* EnterView.swift in Sources */ = {isa = PBXBuildFile; fileRef = 8BC86C632B8613FF00FE5B59 /* EnterView.swift */; };
		8BC86C692B8613FF00FE5B59 /* EnterCollectionViewCell.swift in Sources */ = {isa = PBXBuildFile; fileRef = 8BC86C642B8613FF00FE5B59 /* EnterCollectionViewCell.swift */; };
		8BC86C6B2B8613FF00FE5B59 /* EnterModel.swift in Sources */ = {isa = PBXBuildFile; fileRef = 8BC86C662B8613FF00FE5B59 /* EnterModel.swift */; };
		8BC86C6C2B8613FF00FE5B59 /* EnterViewController.swift in Sources */ = {isa = PBXBuildFile; fileRef = 8BC86C672B8613FF00FE5B59 /* EnterViewController.swift */; };
		8BC86C862B86141D00FE5B59 /* DeviceEnum.swift in Sources */ = {isa = PBXBuildFile; fileRef = 8BC86C6F2B86141D00FE5B59 /* DeviceEnum.swift */; };
		8BC86C872B86141D00FE5B59 /* Dimension.swift in Sources */ = {isa = PBXBuildFile; fileRef = 8BC86C702B86141D00FE5B59 /* Dimension.swift */; };
		8BC86C882B86141D00FE5B59 /* AdaptiveLayoutHelper.swift in Sources */ = {isa = PBXBuildFile; fileRef = 8BC86C712B86141D00FE5B59 /* AdaptiveLayoutHelper.swift */; };
		8BC86C892B86141D00FE5B59 /* AdaptedConstraint.swift in Sources */ = {isa = PBXBuildFile; fileRef = 8BC86C722B86141D00FE5B59 /* AdaptedConstraint.swift */; };
		8BC86C8A2B86141D00FE5B59 /* InteractiveLinkLabel.swift in Sources */ = {isa = PBXBuildFile; fileRef = 8BC86C732B86141D00FE5B59 /* InteractiveLinkLabel.swift */; };
		8BC86C8B2B86141D00FE5B59 /* LoaderButton.swift in Sources */ = {isa = PBXBuildFile; fileRef = 8BC86C742B86141D00FE5B59 /* LoaderButton.swift */; };
		8BC86C8C2B86141D00FE5B59 /* CGFloatExt.swift in Sources */ = {isa = PBXBuildFile; fileRef = 8BC86C762B86141D00FE5B59 /* CGFloatExt.swift */; };
		8BC86C8D2B86141D00FE5B59 /* UIColorExt.swift in Sources */ = {isa = PBXBuildFile; fileRef = 8BC86C772B86141D00FE5B59 /* UIColorExt.swift */; };
		8BC86C8E2B86141D00FE5B59 /* UIButtonExt.swift in Sources */ = {isa = PBXBuildFile; fileRef = 8BC86C782B86141D00FE5B59 /* UIButtonExt.swift */; };
		8BC86C8F2B86141D00FE5B59 /* UIViewExt.swift in Sources */ = {isa = PBXBuildFile; fileRef = 8BC86C792B86141D00FE5B59 /* UIViewExt.swift */; };
		8BC86C902B86141D00FE5B59 /* UIFontExt.swift in Sources */ = {isa = PBXBuildFile; fileRef = 8BC86C7A2B86141D00FE5B59 /* UIFontExt.swift */; };
		8BC86C912B86141D00FE5B59 /* UIViewControllerExt.swift in Sources */ = {isa = PBXBuildFile; fileRef = 8BC86C7B2B86141D00FE5B59 /* UIViewControllerExt.swift */; };
		8BC86C922B86141D00FE5B59 /* UISearchBarExt.swift in Sources */ = {isa = PBXBuildFile; fileRef = 8BC86C7C2B86141D00FE5B59 /* UISearchBarExt.swift */; };
		8BC86C932B86141D00FE5B59 /* CollectionExt.swift in Sources */ = {isa = PBXBuildFile; fileRef = 8BC86C7D2B86141D00FE5B59 /* CollectionExt.swift */; };
		8BC86C942B86141D00FE5B59 /* UITableView+Extensions.swift in Sources */ = {isa = PBXBuildFile; fileRef = 8BC86C7E2B86141D00FE5B59 /* UITableView+Extensions.swift */; };
		8BC86C952B86141D00FE5B59 /* ClassExt.swift in Sources */ = {isa = PBXBuildFile; fileRef = 8BC86C7F2B86141D00FE5B59 /* ClassExt.swift */; };
		8BC86C962B86141D00FE5B59 /* UITextViewExt.swift in Sources */ = {isa = PBXBuildFile; fileRef = 8BC86C802B86141D00FE5B59 /* UITextViewExt.swift */; };
		8BC86C972B86141D00FE5B59 /* UIApplicationExt.swift in Sources */ = {isa = PBXBuildFile; fileRef = 8BC86C812B86141D00FE5B59 /* UIApplicationExt.swift */; };
		8BC86C982B86141D00FE5B59 /* DateExt.swift in Sources */ = {isa = PBXBuildFile; fileRef = 8BC86C822B86141D00FE5B59 /* DateExt.swift */; };
		8BC86C992B86141D00FE5B59 /* UILabelExt.swift in Sources */ = {isa = PBXBuildFile; fileRef = 8BC86C832B86141D00FE5B59 /* UILabelExt.swift */; };
		8BC86C9A2B86141D00FE5B59 /* Globals.swift in Sources */ = {isa = PBXBuildFile; fileRef = 8BC86C842B86141D00FE5B59 /* Globals.swift */; };
		8BC86C9B2B86141D00FE5B59 /* WebViewViewController.swift in Sources */ = {isa = PBXBuildFile; fileRef = 8BC86C852B86141D00FE5B59 /* WebViewViewController.swift */; };
		8BC86C9E2B8617D700FE5B59 /* Poppins-Medium.ttf in Resources */ = {isa = PBXBuildFile; fileRef = 8BC86C9C2B8617D700FE5B59 /* Poppins-Medium.ttf */; };
		8BC86C9F2B8617D700FE5B59 /* Poppins-Regular.ttf in Resources */ = {isa = PBXBuildFile; fileRef = 8BC86C9D2B8617D700FE5B59 /* Poppins-Regular.ttf */; };
		8BC86CA22B8620EA00FE5B59 /* ApiConstants.swift in Sources */ = {isa = PBXBuildFile; fileRef = 8BC86CA12B8620EA00FE5B59 /* ApiConstants.swift */; };
		8BC86CA42B86239000FE5B59 /* NetworkService.swift in Sources */ = {isa = PBXBuildFile; fileRef = 8BC86CA32B86239000FE5B59 /* NetworkService.swift */; };
		8BC86CA62B8623D700FE5B59 /* RequestSender.swift in Sources */ = {isa = PBXBuildFile; fileRef = 8BC86CA52B8623D700FE5B59 /* RequestSender.swift */; };
		8BC86CA82B8623F200FE5B59 /* IRequestSender.swift in Sources */ = {isa = PBXBuildFile; fileRef = 8BC86CA72B8623F200FE5B59 /* IRequestSender.swift */; };
		8BC86CAA2B86240800FE5B59 /* NetworkError.swift in Sources */ = {isa = PBXBuildFile; fileRef = 8BC86CA92B86240800FE5B59 /* NetworkError.swift */; };
		8BC86CAD2B86246B00FE5B59 /* IParser.swift in Sources */ = {isa = PBXBuildFile; fileRef = 8BC86CAC2B86246B00FE5B59 /* IParser.swift */; };
		8BC86CAF2B8624C200FE5B59 /* ConfigFactory.swift in Sources */ = {isa = PBXBuildFile; fileRef = 8BC86CAE2B8624C200FE5B59 /* ConfigFactory.swift */; };
		8BC86CB42B8624DD00FE5B59 /* DeleteParser.swift in Sources */ = {isa = PBXBuildFile; fileRef = 8BC86CB02B8624DC00FE5B59 /* DeleteParser.swift */; };
		8BC86CB52B8624DD00FE5B59 /* SavePushTokenParser.swift in Sources */ = {isa = PBXBuildFile; fileRef = 8BC86CB12B8624DC00FE5B59 /* SavePushTokenParser.swift */; };
		8BC86CB62B8624DD00FE5B59 /* SignInParser.swift in Sources */ = {isa = PBXBuildFile; fileRef = 8BC86CB22B8624DD00FE5B59 /* SignInParser.swift */; };
		8BC86CB72B8624DD00FE5B59 /* SucceedParser.swift in Sources */ = {isa = PBXBuildFile; fileRef = 8BC86CB32B8624DD00FE5B59 /* SucceedParser.swift */; };
		8BC86CB92B8624FA00FE5B59 /* WorkoutEndPoint.swift in Sources */ = {isa = PBXBuildFile; fileRef = 8BC86CB82B8624FA00FE5B59 /* WorkoutEndPoint.swift */; };
		8BC86CBB2B86251A00FE5B59 /* ApiConfiguration.swift in Sources */ = {isa = PBXBuildFile; fileRef = 8BC86CBA2B86251A00FE5B59 /* ApiConfiguration.swift */; };
		8BC86CBD2B86257000FE5B59 /* AppInfoService.swift in Sources */ = {isa = PBXBuildFile; fileRef = 8BC86CBC2B86257000FE5B59 /* AppInfoService.swift */; };
		8BC86CBF2B8625A900FE5B59 /* SecureStorage.swift in Sources */ = {isa = PBXBuildFile; fileRef = 8BC86CBE2B8625A900FE5B59 /* SecureStorage.swift */; };
		8BC86CC12B8625C100FE5B59 /* UserDefaultsStorage.swift in Sources */ = {isa = PBXBuildFile; fileRef = 8BC86CC02B8625C100FE5B59 /* UserDefaultsStorage.swift */; };
		8BC86CC72B86264C00FE5B59 /* CustomTabItem.swift in Sources */ = {isa = PBXBuildFile; fileRef = 8BC86CC32B86264C00FE5B59 /* CustomTabItem.swift */; };
		8BC86CC82B86264C00FE5B59 /* CustomItemView.swift in Sources */ = {isa = PBXBuildFile; fileRef = 8BC86CC42B86264C00FE5B59 /* CustomItemView.swift */; };
		8BC86CC92B86264C00FE5B59 /* CustomTabbar.swift in Sources */ = {isa = PBXBuildFile; fileRef = 8BC86CC52B86264C00FE5B59 /* CustomTabbar.swift */; };
		8BC86CCA2B86264C00FE5B59 /* CustomTabBarController.swift in Sources */ = {isa = PBXBuildFile; fileRef = 8BC86CC62B86264C00FE5B59 /* CustomTabBarController.swift */; };
		8BC86CCC2B86270B00FE5B59 /* AppleApiEndPoint.swift in Sources */ = {isa = PBXBuildFile; fileRef = 8BC86CCB2B86270B00FE5B59 /* AppleApiEndPoint.swift */; };
		8BC86CCF2B86275100FE5B59 /* WorkoutViewController.swift in Sources */ = {isa = PBXBuildFile; fileRef = 8BC86CCE2B86275100FE5B59 /* WorkoutViewController.swift */; };
		8BC86CD22B86276A00FE5B59 /* HomeViewController.swift in Sources */ = {isa = PBXBuildFile; fileRef = 8BC86CD12B86276A00FE5B59 /* HomeViewController.swift */; };
		8BC86CD52B86278D00FE5B59 /* SettingsViewController.swift in Sources */ = {isa = PBXBuildFile; fileRef = 8BC86CD42B86278D00FE5B59 /* SettingsViewController.swift */; };
		8BC86CD72B864DEB00FE5B59 /* RootAssembly.swift in Sources */ = {isa = PBXBuildFile; fileRef = 8BC86CD62B864DEB00FE5B59 /* RootAssembly.swift */; };
		8BC86CDA2B86664600FE5B59 /* ChooseSkillViewController.swift in Sources */ = {isa = PBXBuildFile; fileRef = 8BC86CD92B86664600FE5B59 /* ChooseSkillViewController.swift */; };
		8BC86CDC2B86667300FE5B59 /* ChooseSkillView.swift in Sources */ = {isa = PBXBuildFile; fileRef = 8BC86CDB2B86667300FE5B59 /* ChooseSkillView.swift */; };
		8BC86CDE2B868DF800FE5B59 /* SkillModels.swift in Sources */ = {isa = PBXBuildFile; fileRef = 8BC86CDD2B868DF800FE5B59 /* SkillModels.swift */; };
		8BC86CE02B870E0200FE5B59 /* HomeView.swift in Sources */ = {isa = PBXBuildFile; fileRef = 8BC86CDF2B870E0200FE5B59 /* HomeView.swift */; };
		8BC86CE22B870E8E00FE5B59 /* WorkoutTableViewCell.swift in Sources */ = {isa = PBXBuildFile; fileRef = 8BC86CE12B870E8E00FE5B59 /* WorkoutTableViewCell.swift */; };
		8BC86CE42B87114E00FE5B59 /* GradientView.swift in Sources */ = {isa = PBXBuildFile; fileRef = 8BC86CE32B87114E00FE5B59 /* GradientView.swift */; };
		8BC86CE62B87133E00FE5B59 /* HomeModels.swift in Sources */ = {isa = PBXBuildFile; fileRef = 8BC86CE52B87133E00FE5B59 /* HomeModels.swift */; };
		8BC86CE82B87142B00FE5B59 /* HomePresenter.swift in Sources */ = {isa = PBXBuildFile; fileRef = 8BC86CE72B87142B00FE5B59 /* HomePresenter.swift */; };
		8BC86CEA2B87343200FE5B59 /* CurrentActiveWorkoutView.swift in Sources */ = {isa = PBXBuildFile; fileRef = 8BC86CE92B87343200FE5B59 /* CurrentActiveWorkoutView.swift */; };
		8BC86CEC2B87369D00FE5B59 /* TimerLabelView.swift in Sources */ = {isa = PBXBuildFile; fileRef = 8BC86CEB2B87369D00FE5B59 /* TimerLabelView.swift */; };
		8BC86CEE2B87394F00FE5B59 /* TimerView.swift in Sources */ = {isa = PBXBuildFile; fileRef = 8BC86CED2B87394F00FE5B59 /* TimerView.swift */; };
		8BC86CF02B87422800FE5B59 /* HomeHeaderView.swift in Sources */ = {isa = PBXBuildFile; fileRef = 8BC86CEF2B87422800FE5B59 /* HomeHeaderView.swift */; };
		8BC86CF22B8744B500FE5B59 /* CustomButton.swift in Sources */ = {isa = PBXBuildFile; fileRef = 8BC86CF12B8744B500FE5B59 /* CustomButton.swift */; };
		8BC86CF42B874F6200FE5B59 /* StatusView.swift in Sources */ = {isa = PBXBuildFile; fileRef = 8BC86CF32B874F6200FE5B59 /* StatusView.swift */; };
		8BC86CF72B881F0A00FE5B59 /* WorkoutView.swift in Sources */ = {isa = PBXBuildFile; fileRef = 8BC86CF62B881F0A00FE5B59 /* WorkoutView.swift */; };
		8BC86CF92B8820F000FE5B59 /* WorkoutPresenter.swift in Sources */ = {isa = PBXBuildFile; fileRef = 8BC86CF82B8820F000FE5B59 /* WorkoutPresenter.swift */; };
		8BC86CFB2B8821D900FE5B59 /* WorkoutModels.swift in Sources */ = {isa = PBXBuildFile; fileRef = 8BC86CFA2B8821D900FE5B59 /* WorkoutModels.swift */; };
		8BC86CFD2B88272700FE5B59 /* WorkoutSectionHeaderView.swift in Sources */ = {isa = PBXBuildFile; fileRef = 8BC86CFC2B88272700FE5B59 /* WorkoutSectionHeaderView.swift */; };
		8BC86CFF2B883CBD00FE5B59 /* SettingsView.swift in Sources */ = {isa = PBXBuildFile; fileRef = 8BC86CFE2B883CBD00FE5B59 /* SettingsView.swift */; };
		8BC86D012B883D1A00FE5B59 /* SettingsModels.swift in Sources */ = {isa = PBXBuildFile; fileRef = 8BC86D002B883D1A00FE5B59 /* SettingsModels.swift */; };
		8BC86D032B883FC100FE5B59 /* SettingsTableViewCell.swift in Sources */ = {isa = PBXBuildFile; fileRef = 8BC86D022B883FC100FE5B59 /* SettingsTableViewCell.swift */; };
		8BC86D062B88559000FE5B59 /* SettingsPresenter.swift in Sources */ = {isa = PBXBuildFile; fileRef = 8BC86D052B88559000FE5B59 /* SettingsPresenter.swift */; };
		8BC86D092B886CC100FE5B59 /* ConfigureWorkoutViewController.swift in Sources */ = {isa = PBXBuildFile; fileRef = 8BC86D082B886CC100FE5B59 /* ConfigureWorkoutViewController.swift */; };
		8BC86D0B2B886DA600FE5B59 /* ConfigureWorkoutView.swift in Sources */ = {isa = PBXBuildFile; fileRef = 8BC86D0A2B886DA600FE5B59 /* ConfigureWorkoutView.swift */; };
		8BC86D0D2B886E6900FE5B59 /* ConfigureWorkoutHeaderView.swift in Sources */ = {isa = PBXBuildFile; fileRef = 8BC86D0C2B886E6900FE5B59 /* ConfigureWorkoutHeaderView.swift */; };
		8BC86D0F2B88716700FE5B59 /* WorkoutExerciseTableViewCell.swift in Sources */ = {isa = PBXBuildFile; fileRef = 8BC86D0E2B88716700FE5B59 /* WorkoutExerciseTableViewCell.swift */; };
		8BC86D112B8874AD00FE5B59 /* ConfigureWorkoutPresenter.swift in Sources */ = {isa = PBXBuildFile; fileRef = 8BC86D102B8874AD00FE5B59 /* ConfigureWorkoutPresenter.swift */; };
		8BC86D132B88752600FE5B59 /* ConfigureWorkoutModels.swift in Sources */ = {isa = PBXBuildFile; fileRef = 8BC86D122B88752600FE5B59 /* ConfigureWorkoutModels.swift */; };
		8BC86D162B89C64200FE5B59 /* PlayWorkoutViewController.swift in Sources */ = {isa = PBXBuildFile; fileRef = 8BC86D152B89C64200FE5B59 /* PlayWorkoutViewController.swift */; };
		8BC86D182B89D18F00FE5B59 /* PlayWorkoutView.swift in Sources */ = {isa = PBXBuildFile; fileRef = 8BC86D172B89D18F00FE5B59 /* PlayWorkoutView.swift */; };
		8BC86D1A2B89F71900FE5B59 /* PlayWorkoutPresenter.swift in Sources */ = {isa = PBXBuildFile; fileRef = 8BC86D192B89F71900FE5B59 /* PlayWorkoutPresenter.swift */; };
		8BC86D1C2B8A05CA00FE5B59 /* PlayWorkoutBottomView.swift in Sources */ = {isa = PBXBuildFile; fileRef = 8BC86D1B2B8A05CA00FE5B59 /* PlayWorkoutBottomView.swift */; };
		8BC86D1E2B8A328A00FE5B59 /* WorkoutFinishedView.swift in Sources */ = {isa = PBXBuildFile; fileRef = 8BC86D1D2B8A328A00FE5B59 /* WorkoutFinishedView.swift */; };
		8BC86D202B8A335F00FE5B59 /* WorkoutFinishedListItemView.swift in Sources */ = {isa = PBXBuildFile; fileRef = 8BC86D1F2B8A335F00FE5B59 /* WorkoutFinishedListItemView.swift */; };
		8BC86D222B8A3DE100FE5B59 /* PlayWorkoutModels.swift in Sources */ = {isa = PBXBuildFile; fileRef = 8BC86D212B8A3DE100FE5B59 /* PlayWorkoutModels.swift */; };
		A187F7995417EE5A5AA09DDF /* Pods_SoccerWorkout_SoccerWorkoutUITests.framework in Frameworks */ = {isa = PBXBuildFile; fileRef = 74D5766250EF0B99D74F69E3 /* Pods_SoccerWorkout_SoccerWorkoutUITests.framework */; };
		E1033C5978E409A1850E7C87 /* Pods_SoccerWorkout.framework in Frameworks */ = {isa = PBXBuildFile; fileRef = F2E5822AAF60EE191CBEFED2 /* Pods_SoccerWorkout.framework */; };
		FF32FBBA603F260A8FFBA11F /* Pods_SoccerWorkoutTests.framework in Frameworks */ = {isa = PBXBuildFile; fileRef = 219A8B71A93A78275A524970 /* Pods_SoccerWorkoutTests.framework */; };
/* End PBXBuildFile section */

/* Begin PBXContainerItemProxy section */
		8BC86C362B85D0F500FE5B59 /* PBXContainerItemProxy */ = {
			isa = PBXContainerItemProxy;
			containerPortal = 8BC86C172B85D0F400FE5B59 /* Project object */;
			proxyType = 1;
			remoteGlobalIDString = 8BC86C1E2B85D0F400FE5B59;
			remoteInfo = SoccerWorkout;
		};
		8BC86C402B85D0F500FE5B59 /* PBXContainerItemProxy */ = {
			isa = PBXContainerItemProxy;
			containerPortal = 8BC86C172B85D0F400FE5B59 /* Project object */;
			proxyType = 1;
			remoteGlobalIDString = 8BC86C1E2B85D0F400FE5B59;
			remoteInfo = SoccerWorkout;
		};
/* End PBXContainerItemProxy section */

/* Begin PBXFileReference section */
		1770DCDCEB4205685A64F2BA /* Pods-SoccerWorkoutTests.debug.xcconfig */ = {isa = PBXFileReference; includeInIndex = 1; lastKnownFileType = text.xcconfig; name = "Pods-SoccerWorkoutTests.debug.xcconfig"; path = "Target Support Files/Pods-SoccerWorkoutTests/Pods-SoccerWorkoutTests.debug.xcconfig"; sourceTree = "<group>"; };
		219A8B71A93A78275A524970 /* Pods_SoccerWorkoutTests.framework */ = {isa = PBXFileReference; explicitFileType = wrapper.framework; includeInIndex = 0; path = Pods_SoccerWorkoutTests.framework; sourceTree = BUILT_PRODUCTS_DIR; };
		249FCC52992C8A734E9A188B /* Pods-SoccerWorkout-SoccerWorkoutUITests.release.xcconfig */ = {isa = PBXFileReference; includeInIndex = 1; lastKnownFileType = text.xcconfig; name = "Pods-SoccerWorkout-SoccerWorkoutUITests.release.xcconfig"; path = "Target Support Files/Pods-SoccerWorkout-SoccerWorkoutUITests/Pods-SoccerWorkout-SoccerWorkoutUITests.release.xcconfig"; sourceTree = "<group>"; };
		74D5766250EF0B99D74F69E3 /* Pods_SoccerWorkout_SoccerWorkoutUITests.framework */ = {isa = PBXFileReference; explicitFileType = wrapper.framework; includeInIndex = 0; path = Pods_SoccerWorkout_SoccerWorkoutUITests.framework; sourceTree = BUILT_PRODUCTS_DIR; };
		8BC86C1F2B85D0F400FE5B59 /* SoccerWorkout.app */ = {isa = PBXFileReference; explicitFileType = wrapper.application; includeInIndex = 0; path = SoccerWorkout.app; sourceTree = BUILT_PRODUCTS_DIR; };
		8BC86C222B85D0F400FE5B59 /* AppDelegate.swift */ = {isa = PBXFileReference; lastKnownFileType = sourcecode.swift; path = AppDelegate.swift; sourceTree = "<group>"; };
		8BC86C242B85D0F400FE5B59 /* SceneDelegate.swift */ = {isa = PBXFileReference; lastKnownFileType = sourcecode.swift; path = SceneDelegate.swift; sourceTree = "<group>"; };
		8BC86C2B2B85D0F500FE5B59 /* Assets.xcassets */ = {isa = PBXFileReference; lastKnownFileType = folder.assetcatalog; path = Assets.xcassets; sourceTree = "<group>"; };
		8BC86C2E2B85D0F500FE5B59 /* Base */ = {isa = PBXFileReference; lastKnownFileType = file.storyboard; name = Base; path = Base.lproj/LaunchScreen.storyboard; sourceTree = "<group>"; };
		8BC86C302B85D0F500FE5B59 /* Info.plist */ = {isa = PBXFileReference; lastKnownFileType = text.plist.xml; path = Info.plist; sourceTree = "<group>"; };
		8BC86C352B85D0F500FE5B59 /* SoccerWorkoutTests.xctest */ = {isa = PBXFileReference; explicitFileType = wrapper.cfbundle; includeInIndex = 0; path = SoccerWorkoutTests.xctest; sourceTree = BUILT_PRODUCTS_DIR; };
		8BC86C392B85D0F500FE5B59 /* SoccerWorkoutTests.swift */ = {isa = PBXFileReference; lastKnownFileType = sourcecode.swift; path = SoccerWorkoutTests.swift; sourceTree = "<group>"; };
		8BC86C3F2B85D0F500FE5B59 /* SoccerWorkoutUITests.xctest */ = {isa = PBXFileReference; explicitFileType = wrapper.cfbundle; includeInIndex = 0; path = SoccerWorkoutUITests.xctest; sourceTree = BUILT_PRODUCTS_DIR; };
		8BC86C432B85D0F500FE5B59 /* SoccerWorkoutUITests.swift */ = {isa = PBXFileReference; lastKnownFileType = sourcecode.swift; path = SoccerWorkoutUITests.swift; sourceTree = "<group>"; };
		8BC86C452B85D0F500FE5B59 /* SoccerWorkoutUITestsLaunchTests.swift */ = {isa = PBXFileReference; lastKnownFileType = sourcecode.swift; path = SoccerWorkoutUITestsLaunchTests.swift; sourceTree = "<group>"; };
		8BC86C572B85D31300FE5B59 /* CoreAssembly.swift */ = {isa = PBXFileReference; lastKnownFileType = sourcecode.swift; path = CoreAssembly.swift; sourceTree = "<group>"; };
		8BC86C592B85D32500FE5B59 /* ServiceAssembly.swift */ = {isa = PBXFileReference; lastKnownFileType = sourcecode.swift; path = ServiceAssembly.swift; sourceTree = "<group>"; };
		8BC86C5B2B85D34500FE5B59 /* PresentationAssembly.swift */ = {isa = PBXFileReference; lastKnownFileType = sourcecode.swift; path = PresentationAssembly.swift; sourceTree = "<group>"; };
		8BC86C632B8613FF00FE5B59 /* EnterView.swift */ = {isa = PBXFileReference; fileEncoding = 4; lastKnownFileType = sourcecode.swift; path = EnterView.swift; sourceTree = "<group>"; };
		8BC86C642B8613FF00FE5B59 /* EnterCollectionViewCell.swift */ = {isa = PBXFileReference; fileEncoding = 4; lastKnownFileType = sourcecode.swift; path = EnterCollectionViewCell.swift; sourceTree = "<group>"; };
		8BC86C662B8613FF00FE5B59 /* EnterModel.swift */ = {isa = PBXFileReference; fileEncoding = 4; lastKnownFileType = sourcecode.swift; path = EnterModel.swift; sourceTree = "<group>"; };
		8BC86C672B8613FF00FE5B59 /* EnterViewController.swift */ = {isa = PBXFileReference; fileEncoding = 4; lastKnownFileType = sourcecode.swift; path = EnterViewController.swift; sourceTree = "<group>"; };
		8BC86C6F2B86141D00FE5B59 /* DeviceEnum.swift */ = {isa = PBXFileReference; fileEncoding = 4; lastKnownFileType = sourcecode.swift; path = DeviceEnum.swift; sourceTree = "<group>"; };
		8BC86C702B86141D00FE5B59 /* Dimension.swift */ = {isa = PBXFileReference; fileEncoding = 4; lastKnownFileType = sourcecode.swift; path = Dimension.swift; sourceTree = "<group>"; };
		8BC86C712B86141D00FE5B59 /* AdaptiveLayoutHelper.swift */ = {isa = PBXFileReference; fileEncoding = 4; lastKnownFileType = sourcecode.swift; path = AdaptiveLayoutHelper.swift; sourceTree = "<group>"; };
		8BC86C722B86141D00FE5B59 /* AdaptedConstraint.swift */ = {isa = PBXFileReference; fileEncoding = 4; lastKnownFileType = sourcecode.swift; path = AdaptedConstraint.swift; sourceTree = "<group>"; };
		8BC86C732B86141D00FE5B59 /* InteractiveLinkLabel.swift */ = {isa = PBXFileReference; fileEncoding = 4; lastKnownFileType = sourcecode.swift; path = InteractiveLinkLabel.swift; sourceTree = "<group>"; };
		8BC86C742B86141D00FE5B59 /* LoaderButton.swift */ = {isa = PBXFileReference; fileEncoding = 4; lastKnownFileType = sourcecode.swift; path = LoaderButton.swift; sourceTree = "<group>"; };
		8BC86C762B86141D00FE5B59 /* CGFloatExt.swift */ = {isa = PBXFileReference; fileEncoding = 4; lastKnownFileType = sourcecode.swift; path = CGFloatExt.swift; sourceTree = "<group>"; };
		8BC86C772B86141D00FE5B59 /* UIColorExt.swift */ = {isa = PBXFileReference; fileEncoding = 4; lastKnownFileType = sourcecode.swift; path = UIColorExt.swift; sourceTree = "<group>"; };
		8BC86C782B86141D00FE5B59 /* UIButtonExt.swift */ = {isa = PBXFileReference; fileEncoding = 4; lastKnownFileType = sourcecode.swift; path = UIButtonExt.swift; sourceTree = "<group>"; };
		8BC86C792B86141D00FE5B59 /* UIViewExt.swift */ = {isa = PBXFileReference; fileEncoding = 4; lastKnownFileType = sourcecode.swift; path = UIViewExt.swift; sourceTree = "<group>"; };
		8BC86C7A2B86141D00FE5B59 /* UIFontExt.swift */ = {isa = PBXFileReference; fileEncoding = 4; lastKnownFileType = sourcecode.swift; path = UIFontExt.swift; sourceTree = "<group>"; };
		8BC86C7B2B86141D00FE5B59 /* UIViewControllerExt.swift */ = {isa = PBXFileReference; fileEncoding = 4; lastKnownFileType = sourcecode.swift; path = UIViewControllerExt.swift; sourceTree = "<group>"; };
		8BC86C7C2B86141D00FE5B59 /* UISearchBarExt.swift */ = {isa = PBXFileReference; fileEncoding = 4; lastKnownFileType = sourcecode.swift; path = UISearchBarExt.swift; sourceTree = "<group>"; };
		8BC86C7D2B86141D00FE5B59 /* CollectionExt.swift */ = {isa = PBXFileReference; fileEncoding = 4; lastKnownFileType = sourcecode.swift; path = CollectionExt.swift; sourceTree = "<group>"; };
		8BC86C7E2B86141D00FE5B59 /* UITableView+Extensions.swift */ = {isa = PBXFileReference; fileEncoding = 4; lastKnownFileType = sourcecode.swift; path = "UITableView+Extensions.swift"; sourceTree = "<group>"; };
		8BC86C7F2B86141D00FE5B59 /* ClassExt.swift */ = {isa = PBXFileReference; fileEncoding = 4; lastKnownFileType = sourcecode.swift; path = ClassExt.swift; sourceTree = "<group>"; };
		8BC86C802B86141D00FE5B59 /* UITextViewExt.swift */ = {isa = PBXFileReference; fileEncoding = 4; lastKnownFileType = sourcecode.swift; path = UITextViewExt.swift; sourceTree = "<group>"; };
		8BC86C812B86141D00FE5B59 /* UIApplicationExt.swift */ = {isa = PBXFileReference; fileEncoding = 4; lastKnownFileType = sourcecode.swift; path = UIApplicationExt.swift; sourceTree = "<group>"; };
		8BC86C822B86141D00FE5B59 /* DateExt.swift */ = {isa = PBXFileReference; fileEncoding = 4; lastKnownFileType = sourcecode.swift; path = DateExt.swift; sourceTree = "<group>"; };
		8BC86C832B86141D00FE5B59 /* UILabelExt.swift */ = {isa = PBXFileReference; fileEncoding = 4; lastKnownFileType = sourcecode.swift; path = UILabelExt.swift; sourceTree = "<group>"; };
		8BC86C842B86141D00FE5B59 /* Globals.swift */ = {isa = PBXFileReference; fileEncoding = 4; lastKnownFileType = sourcecode.swift; path = Globals.swift; sourceTree = "<group>"; };
		8BC86C852B86141D00FE5B59 /* WebViewViewController.swift */ = {isa = PBXFileReference; fileEncoding = 4; lastKnownFileType = sourcecode.swift; path = WebViewViewController.swift; sourceTree = "<group>"; };
		8BC86C9C2B8617D700FE5B59 /* Poppins-Medium.ttf */ = {isa = PBXFileReference; lastKnownFileType = file; path = "Poppins-Medium.ttf"; sourceTree = "<group>"; };
		8BC86C9D2B8617D700FE5B59 /* Poppins-Regular.ttf */ = {isa = PBXFileReference; lastKnownFileType = file; path = "Poppins-Regular.ttf"; sourceTree = "<group>"; };
		8BC86CA12B8620EA00FE5B59 /* ApiConstants.swift */ = {isa = PBXFileReference; lastKnownFileType = sourcecode.swift; path = ApiConstants.swift; sourceTree = "<group>"; };
		8BC86CA32B86239000FE5B59 /* NetworkService.swift */ = {isa = PBXFileReference; lastKnownFileType = sourcecode.swift; path = NetworkService.swift; sourceTree = "<group>"; };
		8BC86CA52B8623D700FE5B59 /* RequestSender.swift */ = {isa = PBXFileReference; lastKnownFileType = sourcecode.swift; path = RequestSender.swift; sourceTree = "<group>"; };
		8BC86CA72B8623F200FE5B59 /* IRequestSender.swift */ = {isa = PBXFileReference; lastKnownFileType = sourcecode.swift; path = IRequestSender.swift; sourceTree = "<group>"; };
		8BC86CA92B86240800FE5B59 /* NetworkError.swift */ = {isa = PBXFileReference; lastKnownFileType = sourcecode.swift; path = NetworkError.swift; sourceTree = "<group>"; };
		8BC86CAC2B86246B00FE5B59 /* IParser.swift */ = {isa = PBXFileReference; lastKnownFileType = sourcecode.swift; path = IParser.swift; sourceTree = "<group>"; };
		8BC86CAE2B8624C200FE5B59 /* ConfigFactory.swift */ = {isa = PBXFileReference; lastKnownFileType = sourcecode.swift; path = ConfigFactory.swift; sourceTree = "<group>"; };
		8BC86CB02B8624DC00FE5B59 /* DeleteParser.swift */ = {isa = PBXFileReference; fileEncoding = 4; lastKnownFileType = sourcecode.swift; path = DeleteParser.swift; sourceTree = "<group>"; };
		8BC86CB12B8624DC00FE5B59 /* SavePushTokenParser.swift */ = {isa = PBXFileReference; fileEncoding = 4; lastKnownFileType = sourcecode.swift; path = SavePushTokenParser.swift; sourceTree = "<group>"; };
		8BC86CB22B8624DD00FE5B59 /* SignInParser.swift */ = {isa = PBXFileReference; fileEncoding = 4; lastKnownFileType = sourcecode.swift; path = SignInParser.swift; sourceTree = "<group>"; };
		8BC86CB32B8624DD00FE5B59 /* SucceedParser.swift */ = {isa = PBXFileReference; fileEncoding = 4; lastKnownFileType = sourcecode.swift; path = SucceedParser.swift; sourceTree = "<group>"; };
		8BC86CB82B8624FA00FE5B59 /* WorkoutEndPoint.swift */ = {isa = PBXFileReference; lastKnownFileType = sourcecode.swift; path = WorkoutEndPoint.swift; sourceTree = "<group>"; };
		8BC86CBA2B86251A00FE5B59 /* ApiConfiguration.swift */ = {isa = PBXFileReference; lastKnownFileType = sourcecode.swift; path = ApiConfiguration.swift; sourceTree = "<group>"; };
		8BC86CBC2B86257000FE5B59 /* AppInfoService.swift */ = {isa = PBXFileReference; lastKnownFileType = sourcecode.swift; path = AppInfoService.swift; sourceTree = "<group>"; };
		8BC86CBE2B8625A900FE5B59 /* SecureStorage.swift */ = {isa = PBXFileReference; lastKnownFileType = sourcecode.swift; path = SecureStorage.swift; sourceTree = "<group>"; };
		8BC86CC02B8625C100FE5B59 /* UserDefaultsStorage.swift */ = {isa = PBXFileReference; lastKnownFileType = sourcecode.swift; path = UserDefaultsStorage.swift; sourceTree = "<group>"; };
		8BC86CC32B86264C00FE5B59 /* CustomTabItem.swift */ = {isa = PBXFileReference; fileEncoding = 4; lastKnownFileType = sourcecode.swift; path = CustomTabItem.swift; sourceTree = "<group>"; };
		8BC86CC42B86264C00FE5B59 /* CustomItemView.swift */ = {isa = PBXFileReference; fileEncoding = 4; lastKnownFileType = sourcecode.swift; path = CustomItemView.swift; sourceTree = "<group>"; };
		8BC86CC52B86264C00FE5B59 /* CustomTabbar.swift */ = {isa = PBXFileReference; fileEncoding = 4; lastKnownFileType = sourcecode.swift; path = CustomTabbar.swift; sourceTree = "<group>"; };
		8BC86CC62B86264C00FE5B59 /* CustomTabBarController.swift */ = {isa = PBXFileReference; fileEncoding = 4; lastKnownFileType = sourcecode.swift; path = CustomTabBarController.swift; sourceTree = "<group>"; };
		8BC86CCB2B86270B00FE5B59 /* AppleApiEndPoint.swift */ = {isa = PBXFileReference; lastKnownFileType = sourcecode.swift; path = AppleApiEndPoint.swift; sourceTree = "<group>"; };
		8BC86CCE2B86275100FE5B59 /* WorkoutViewController.swift */ = {isa = PBXFileReference; lastKnownFileType = sourcecode.swift; path = WorkoutViewController.swift; sourceTree = "<group>"; };
		8BC86CD12B86276A00FE5B59 /* HomeViewController.swift */ = {isa = PBXFileReference; lastKnownFileType = sourcecode.swift; path = HomeViewController.swift; sourceTree = "<group>"; };
		8BC86CD42B86278D00FE5B59 /* SettingsViewController.swift */ = {isa = PBXFileReference; lastKnownFileType = sourcecode.swift; path = SettingsViewController.swift; sourceTree = "<group>"; };
		8BC86CD62B864DEB00FE5B59 /* RootAssembly.swift */ = {isa = PBXFileReference; lastKnownFileType = sourcecode.swift; path = RootAssembly.swift; sourceTree = "<group>"; };
		8BC86CD92B86664600FE5B59 /* ChooseSkillViewController.swift */ = {isa = PBXFileReference; lastKnownFileType = sourcecode.swift; path = ChooseSkillViewController.swift; sourceTree = "<group>"; };
		8BC86CDB2B86667300FE5B59 /* ChooseSkillView.swift */ = {isa = PBXFileReference; lastKnownFileType = sourcecode.swift; path = ChooseSkillView.swift; sourceTree = "<group>"; };
		8BC86CDD2B868DF800FE5B59 /* SkillModels.swift */ = {isa = PBXFileReference; lastKnownFileType = sourcecode.swift; path = SkillModels.swift; sourceTree = "<group>"; };
		8BC86CDF2B870E0200FE5B59 /* HomeView.swift */ = {isa = PBXFileReference; lastKnownFileType = sourcecode.swift; path = HomeView.swift; sourceTree = "<group>"; };
		8BC86CE12B870E8E00FE5B59 /* WorkoutTableViewCell.swift */ = {isa = PBXFileReference; lastKnownFileType = sourcecode.swift; path = WorkoutTableViewCell.swift; sourceTree = "<group>"; };
		8BC86CE32B87114E00FE5B59 /* GradientView.swift */ = {isa = PBXFileReference; lastKnownFileType = sourcecode.swift; path = GradientView.swift; sourceTree = "<group>"; };
		8BC86CE52B87133E00FE5B59 /* HomeModels.swift */ = {isa = PBXFileReference; lastKnownFileType = sourcecode.swift; path = HomeModels.swift; sourceTree = "<group>"; };
		8BC86CE72B87142B00FE5B59 /* HomePresenter.swift */ = {isa = PBXFileReference; lastKnownFileType = sourcecode.swift; path = HomePresenter.swift; sourceTree = "<group>"; };
		8BC86CE92B87343200FE5B59 /* CurrentActiveWorkoutView.swift */ = {isa = PBXFileReference; lastKnownFileType = sourcecode.swift; path = CurrentActiveWorkoutView.swift; sourceTree = "<group>"; };
		8BC86CEB2B87369D00FE5B59 /* TimerLabelView.swift */ = {isa = PBXFileReference; lastKnownFileType = sourcecode.swift; path = TimerLabelView.swift; sourceTree = "<group>"; };
		8BC86CED2B87394F00FE5B59 /* TimerView.swift */ = {isa = PBXFileReference; lastKnownFileType = sourcecode.swift; path = TimerView.swift; sourceTree = "<group>"; };
		8BC86CEF2B87422800FE5B59 /* HomeHeaderView.swift */ = {isa = PBXFileReference; lastKnownFileType = sourcecode.swift; path = HomeHeaderView.swift; sourceTree = "<group>"; };
		8BC86CF12B8744B500FE5B59 /* CustomButton.swift */ = {isa = PBXFileReference; lastKnownFileType = sourcecode.swift; path = CustomButton.swift; sourceTree = "<group>"; };
		8BC86CF32B874F6200FE5B59 /* StatusView.swift */ = {isa = PBXFileReference; lastKnownFileType = sourcecode.swift; path = StatusView.swift; sourceTree = "<group>"; };
		8BC86CF62B881F0A00FE5B59 /* WorkoutView.swift */ = {isa = PBXFileReference; lastKnownFileType = sourcecode.swift; path = WorkoutView.swift; sourceTree = "<group>"; };
		8BC86CF82B8820F000FE5B59 /* WorkoutPresenter.swift */ = {isa = PBXFileReference; lastKnownFileType = sourcecode.swift; path = WorkoutPresenter.swift; sourceTree = "<group>"; };
		8BC86CFA2B8821D900FE5B59 /* WorkoutModels.swift */ = {isa = PBXFileReference; lastKnownFileType = sourcecode.swift; path = WorkoutModels.swift; sourceTree = "<group>"; };
		8BC86CFC2B88272700FE5B59 /* WorkoutSectionHeaderView.swift */ = {isa = PBXFileReference; lastKnownFileType = sourcecode.swift; path = WorkoutSectionHeaderView.swift; sourceTree = "<group>"; };
		8BC86CFE2B883CBD00FE5B59 /* SettingsView.swift */ = {isa = PBXFileReference; lastKnownFileType = sourcecode.swift; path = SettingsView.swift; sourceTree = "<group>"; };
		8BC86D002B883D1A00FE5B59 /* SettingsModels.swift */ = {isa = PBXFileReference; lastKnownFileType = sourcecode.swift; path = SettingsModels.swift; sourceTree = "<group>"; };
		8BC86D022B883FC100FE5B59 /* SettingsTableViewCell.swift */ = {isa = PBXFileReference; lastKnownFileType = sourcecode.swift; path = SettingsTableViewCell.swift; sourceTree = "<group>"; };
		8BC86D052B88559000FE5B59 /* SettingsPresenter.swift */ = {isa = PBXFileReference; lastKnownFileType = sourcecode.swift; path = SettingsPresenter.swift; sourceTree = "<group>"; };
		8BC86D082B886CC100FE5B59 /* ConfigureWorkoutViewController.swift */ = {isa = PBXFileReference; lastKnownFileType = sourcecode.swift; path = ConfigureWorkoutViewController.swift; sourceTree = "<group>"; };
		8BC86D0A2B886DA600FE5B59 /* ConfigureWorkoutView.swift */ = {isa = PBXFileReference; lastKnownFileType = sourcecode.swift; path = ConfigureWorkoutView.swift; sourceTree = "<group>"; };
		8BC86D0C2B886E6900FE5B59 /* ConfigureWorkoutHeaderView.swift */ = {isa = PBXFileReference; lastKnownFileType = sourcecode.swift; path = ConfigureWorkoutHeaderView.swift; sourceTree = "<group>"; };
		8BC86D0E2B88716700FE5B59 /* WorkoutExerciseTableViewCell.swift */ = {isa = PBXFileReference; lastKnownFileType = sourcecode.swift; path = WorkoutExerciseTableViewCell.swift; sourceTree = "<group>"; };
		8BC86D102B8874AD00FE5B59 /* ConfigureWorkoutPresenter.swift */ = {isa = PBXFileReference; lastKnownFileType = sourcecode.swift; path = ConfigureWorkoutPresenter.swift; sourceTree = "<group>"; };
		8BC86D122B88752600FE5B59 /* ConfigureWorkoutModels.swift */ = {isa = PBXFileReference; lastKnownFileType = sourcecode.swift; path = ConfigureWorkoutModels.swift; sourceTree = "<group>"; };
		8BC86D152B89C64200FE5B59 /* PlayWorkoutViewController.swift */ = {isa = PBXFileReference; lastKnownFileType = sourcecode.swift; path = PlayWorkoutViewController.swift; sourceTree = "<group>"; };
		8BC86D172B89D18F00FE5B59 /* PlayWorkoutView.swift */ = {isa = PBXFileReference; lastKnownFileType = sourcecode.swift; path = PlayWorkoutView.swift; sourceTree = "<group>"; };
		8BC86D192B89F71900FE5B59 /* PlayWorkoutPresenter.swift */ = {isa = PBXFileReference; lastKnownFileType = sourcecode.swift; path = PlayWorkoutPresenter.swift; sourceTree = "<group>"; };
		8BC86D1B2B8A05CA00FE5B59 /* PlayWorkoutBottomView.swift */ = {isa = PBXFileReference; lastKnownFileType = sourcecode.swift; path = PlayWorkoutBottomView.swift; sourceTree = "<group>"; };
		8BC86D1D2B8A328A00FE5B59 /* WorkoutFinishedView.swift */ = {isa = PBXFileReference; lastKnownFileType = sourcecode.swift; path = WorkoutFinishedView.swift; sourceTree = "<group>"; };
		8BC86D1F2B8A335F00FE5B59 /* WorkoutFinishedListItemView.swift */ = {isa = PBXFileReference; lastKnownFileType = sourcecode.swift; path = WorkoutFinishedListItemView.swift; sourceTree = "<group>"; };
		8BC86D212B8A3DE100FE5B59 /* PlayWorkoutModels.swift */ = {isa = PBXFileReference; lastKnownFileType = sourcecode.swift; path = PlayWorkoutModels.swift; sourceTree = "<group>"; };
		8BC86D232B8A73F900FE5B59 /* SoccerWorkout.entitlements */ = {isa = PBXFileReference; lastKnownFileType = text.plist.entitlements; path = SoccerWorkout.entitlements; sourceTree = "<group>"; };
		9A30F80EF1FB622D589A92D1 /* Pods-SoccerWorkoutTests.release.xcconfig */ = {isa = PBXFileReference; includeInIndex = 1; lastKnownFileType = text.xcconfig; name = "Pods-SoccerWorkoutTests.release.xcconfig"; path = "Target Support Files/Pods-SoccerWorkoutTests/Pods-SoccerWorkoutTests.release.xcconfig"; sourceTree = "<group>"; };
		C54C604C8B67FF17137474A3 /* Pods-SoccerWorkout-SoccerWorkoutUITests.debug.xcconfig */ = {isa = PBXFileReference; includeInIndex = 1; lastKnownFileType = text.xcconfig; name = "Pods-SoccerWorkout-SoccerWorkoutUITests.debug.xcconfig"; path = "Target Support Files/Pods-SoccerWorkout-SoccerWorkoutUITests/Pods-SoccerWorkout-SoccerWorkoutUITests.debug.xcconfig"; sourceTree = "<group>"; };
		E01A8C3501E4E14DFD39F542 /* Pods-SoccerWorkout.debug.xcconfig */ = {isa = PBXFileReference; includeInIndex = 1; lastKnownFileType = text.xcconfig; name = "Pods-SoccerWorkout.debug.xcconfig"; path = "Target Support Files/Pods-SoccerWorkout/Pods-SoccerWorkout.debug.xcconfig"; sourceTree = "<group>"; };
		E90B5DC7AE8FC356CCD06563 /* Pods-SoccerWorkout.release.xcconfig */ = {isa = PBXFileReference; includeInIndex = 1; lastKnownFileType = text.xcconfig; name = "Pods-SoccerWorkout.release.xcconfig"; path = "Target Support Files/Pods-SoccerWorkout/Pods-SoccerWorkout.release.xcconfig"; sourceTree = "<group>"; };
		F2E5822AAF60EE191CBEFED2 /* Pods_SoccerWorkout.framework */ = {isa = PBXFileReference; explicitFileType = wrapper.framework; includeInIndex = 0; path = Pods_SoccerWorkout.framework; sourceTree = BUILT_PRODUCTS_DIR; };
/* End PBXFileReference section */

/* Begin PBXFrameworksBuildPhase section */
		8BC86C1C2B85D0F400FE5B59 /* Frameworks */ = {
			isa = PBXFrameworksBuildPhase;
			buildActionMask = 2147483647;
			files = (
				E1033C5978E409A1850E7C87 /* Pods_SoccerWorkout.framework in Frameworks */,
			);
			runOnlyForDeploymentPostprocessing = 0;
		};
		8BC86C322B85D0F500FE5B59 /* Frameworks */ = {
			isa = PBXFrameworksBuildPhase;
			buildActionMask = 2147483647;
			files = (
				FF32FBBA603F260A8FFBA11F /* Pods_SoccerWorkoutTests.framework in Frameworks */,
			);
			runOnlyForDeploymentPostprocessing = 0;
		};
		8BC86C3C2B85D0F500FE5B59 /* Frameworks */ = {
			isa = PBXFrameworksBuildPhase;
			buildActionMask = 2147483647;
			files = (
				A187F7995417EE5A5AA09DDF /* Pods_SoccerWorkout_SoccerWorkoutUITests.framework in Frameworks */,
			);
			runOnlyForDeploymentPostprocessing = 0;
		};
/* End PBXFrameworksBuildPhase section */

/* Begin PBXGroup section */
		44B94FC3EBBBD19BF02C565D /* Pods */ = {
			isa = PBXGroup;
			children = (
				E01A8C3501E4E14DFD39F542 /* Pods-SoccerWorkout.debug.xcconfig */,
				E90B5DC7AE8FC356CCD06563 /* Pods-SoccerWorkout.release.xcconfig */,
				C54C604C8B67FF17137474A3 /* Pods-SoccerWorkout-SoccerWorkoutUITests.debug.xcconfig */,
				249FCC52992C8A734E9A188B /* Pods-SoccerWorkout-SoccerWorkoutUITests.release.xcconfig */,
				1770DCDCEB4205685A64F2BA /* Pods-SoccerWorkoutTests.debug.xcconfig */,
				9A30F80EF1FB622D589A92D1 /* Pods-SoccerWorkoutTests.release.xcconfig */,
			);
			path = Pods;
			sourceTree = "<group>";
		};
		8BC86C162B85D0F400FE5B59 = {
			isa = PBXGroup;
			children = (
				8BC86C212B85D0F400FE5B59 /* SoccerWorkout */,
				8BC86C382B85D0F500FE5B59 /* SoccerWorkoutTests */,
				8BC86C422B85D0F500FE5B59 /* SoccerWorkoutUITests */,
				8BC86C202B85D0F400FE5B59 /* Products */,
				44B94FC3EBBBD19BF02C565D /* Pods */,
				AABFB35CE6379AB9DAABD1ED /* Frameworks */,
			);
			sourceTree = "<group>";
		};
		8BC86C202B85D0F400FE5B59 /* Products */ = {
			isa = PBXGroup;
			children = (
				8BC86C1F2B85D0F400FE5B59 /* SoccerWorkout.app */,
				8BC86C352B85D0F500FE5B59 /* SoccerWorkoutTests.xctest */,
				8BC86C3F2B85D0F500FE5B59 /* SoccerWorkoutUITests.xctest */,
			);
			name = Products;
			sourceTree = "<group>";
		};
		8BC86C212B85D0F400FE5B59 /* SoccerWorkout */ = {
			isa = PBXGroup;
			children = (
				8BC86D232B8A73F900FE5B59 /* SoccerWorkout.entitlements */,
				8BC86C562B85D24400FE5B59 /* Presentationlayer */,
				8BC86C542B85D21600FE5B59 /* ServiceLayer */,
				8BC86C532B85D20F00FE5B59 /* CoreLayer */,
				8BC86C522B85D17300FE5B59 /* SupportingFiles */,
			);
			path = SoccerWorkout;
			sourceTree = "<group>";
		};
		8BC86C382B85D0F500FE5B59 /* SoccerWorkoutTests */ = {
			isa = PBXGroup;
			children = (
				8BC86C392B85D0F500FE5B59 /* SoccerWorkoutTests.swift */,
			);
			path = SoccerWorkoutTests;
			sourceTree = "<group>";
		};
		8BC86C422B85D0F500FE5B59 /* SoccerWorkoutUITests */ = {
			isa = PBXGroup;
			children = (
				8BC86C432B85D0F500FE5B59 /* SoccerWorkoutUITests.swift */,
				8BC86C452B85D0F500FE5B59 /* SoccerWorkoutUITestsLaunchTests.swift */,
			);
			path = SoccerWorkoutUITests;
			sourceTree = "<group>";
		};
		8BC86C522B85D17300FE5B59 /* SupportingFiles */ = {
			isa = PBXGroup;
			children = (
				8BC86C9C2B8617D700FE5B59 /* Poppins-Medium.ttf */,
				8BC86C9D2B8617D700FE5B59 /* Poppins-Regular.ttf */,
				8BC86C2B2B85D0F500FE5B59 /* Assets.xcassets */,
				8BC86C2D2B85D0F500FE5B59 /* LaunchScreen.storyboard */,
				8BC86C302B85D0F500FE5B59 /* Info.plist */,
				8BC86C222B85D0F400FE5B59 /* AppDelegate.swift */,
				8BC86C242B85D0F400FE5B59 /* SceneDelegate.swift */,
			);
			path = SupportingFiles;
			sourceTree = "<group>";
		};
		8BC86C532B85D20F00FE5B59 /* CoreLayer */ = {
			isa = PBXGroup;
			children = (
				8BC86CA02B8620D900FE5B59 /* Network */,
				8BC86C572B85D31300FE5B59 /* CoreAssembly.swift */,
				8BC86CBE2B8625A900FE5B59 /* SecureStorage.swift */,
				8BC86CC02B8625C100FE5B59 /* UserDefaultsStorage.swift */,
			);
			path = CoreLayer;
			sourceTree = "<group>";
		};
		8BC86C542B85D21600FE5B59 /* ServiceLayer */ = {
			isa = PBXGroup;
			children = (
				8BC86C592B85D32500FE5B59 /* ServiceAssembly.swift */,
				8BC86CA32B86239000FE5B59 /* NetworkService.swift */,
				8BC86CBC2B86257000FE5B59 /* AppInfoService.swift */,
			);
			path = ServiceLayer;
			sourceTree = "<group>";
		};
		8BC86C562B85D24400FE5B59 /* Presentationlayer */ = {
			isa = PBXGroup;
			children = (
				8BC86CD82B86661200FE5B59 /* SkillRegistration */,
				8BC86CD32B86277F00FE5B59 /* Setting */,
				8BC86CD02B86275A00FE5B59 /* Home */,
				8BC86CCD2B86273500FE5B59 /* Workout */,
				8BC86CC22B86264C00FE5B59 /* Tabbar */,
				8BC86C6D2B86141D00FE5B59 /* SupportingElements */,
				8BC86C622B8613FF00FE5B59 /* Onboarding */,
				8BC86C5B2B85D34500FE5B59 /* PresentationAssembly.swift */,
				8BC86CD62B864DEB00FE5B59 /* RootAssembly.swift */,
			);
			path = Presentationlayer;
			sourceTree = "<group>";
		};
		8BC86C622B8613FF00FE5B59 /* Onboarding */ = {
			isa = PBXGroup;
			children = (
				8BC86C632B8613FF00FE5B59 /* EnterView.swift */,
				8BC86C642B8613FF00FE5B59 /* EnterCollectionViewCell.swift */,
				8BC86C662B8613FF00FE5B59 /* EnterModel.swift */,
				8BC86C672B8613FF00FE5B59 /* EnterViewController.swift */,
			);
			path = Onboarding;
			sourceTree = "<group>";
		};
		8BC86C6D2B86141D00FE5B59 /* SupportingElements */ = {
			isa = PBXGroup;
			children = (
				8BC86C6E2B86141D00FE5B59 /* SizeHelper */,
				8BC86C732B86141D00FE5B59 /* InteractiveLinkLabel.swift */,
				8BC86C742B86141D00FE5B59 /* LoaderButton.swift */,
				8BC86C752B86141D00FE5B59 /* Extensions */,
				8BC86C842B86141D00FE5B59 /* Globals.swift */,
				8BC86C852B86141D00FE5B59 /* WebViewViewController.swift */,
			);
			path = SupportingElements;
			sourceTree = "<group>";
		};
		8BC86C6E2B86141D00FE5B59 /* SizeHelper */ = {
			isa = PBXGroup;
			children = (
				8BC86C6F2B86141D00FE5B59 /* DeviceEnum.swift */,
				8BC86C702B86141D00FE5B59 /* Dimension.swift */,
				8BC86C712B86141D00FE5B59 /* AdaptiveLayoutHelper.swift */,
				8BC86C722B86141D00FE5B59 /* AdaptedConstraint.swift */,
			);
			path = SizeHelper;
			sourceTree = "<group>";
		};
		8BC86C752B86141D00FE5B59 /* Extensions */ = {
			isa = PBXGroup;
			children = (
				8BC86C762B86141D00FE5B59 /* CGFloatExt.swift */,
				8BC86C772B86141D00FE5B59 /* UIColorExt.swift */,
				8BC86C782B86141D00FE5B59 /* UIButtonExt.swift */,
				8BC86C792B86141D00FE5B59 /* UIViewExt.swift */,
				8BC86C7A2B86141D00FE5B59 /* UIFontExt.swift */,
				8BC86C7B2B86141D00FE5B59 /* UIViewControllerExt.swift */,
				8BC86C7C2B86141D00FE5B59 /* UISearchBarExt.swift */,
				8BC86C7D2B86141D00FE5B59 /* CollectionExt.swift */,
				8BC86C7E2B86141D00FE5B59 /* UITableView+Extensions.swift */,
				8BC86C7F2B86141D00FE5B59 /* ClassExt.swift */,
				8BC86C802B86141D00FE5B59 /* UITextViewExt.swift */,
				8BC86C812B86141D00FE5B59 /* UIApplicationExt.swift */,
				8BC86C822B86141D00FE5B59 /* DateExt.swift */,
				8BC86C832B86141D00FE5B59 /* UILabelExt.swift */,
			);
			path = Extensions;
			sourceTree = "<group>";
		};
		8BC86CA02B8620D900FE5B59 /* Network */ = {
			isa = PBXGroup;
			children = (
				8BC86CAB2B86245600FE5B59 /* Parsers */,
				8BC86CA52B8623D700FE5B59 /* RequestSender.swift */,
				8BC86CA12B8620EA00FE5B59 /* ApiConstants.swift */,
				8BC86CA72B8623F200FE5B59 /* IRequestSender.swift */,
				8BC86CA92B86240800FE5B59 /* NetworkError.swift */,
				8BC86CAE2B8624C200FE5B59 /* ConfigFactory.swift */,
				8BC86CB82B8624FA00FE5B59 /* WorkoutEndPoint.swift */,
				8BC86CBA2B86251A00FE5B59 /* ApiConfiguration.swift */,
				8BC86CCB2B86270B00FE5B59 /* AppleApiEndPoint.swift */,
			);
			path = Network;
			sourceTree = "<group>";
		};
		8BC86CAB2B86245600FE5B59 /* Parsers */ = {
			isa = PBXGroup;
			children = (
				8BC86CAC2B86246B00FE5B59 /* IParser.swift */,
				8BC86CB02B8624DC00FE5B59 /* DeleteParser.swift */,
				8BC86CB12B8624DC00FE5B59 /* SavePushTokenParser.swift */,
				8BC86CB22B8624DD00FE5B59 /* SignInParser.swift */,
				8BC86CB32B8624DD00FE5B59 /* SucceedParser.swift */,
			);
			path = Parsers;
			sourceTree = "<group>";
		};
		8BC86CC22B86264C00FE5B59 /* Tabbar */ = {
			isa = PBXGroup;
			children = (
				8BC86CC32B86264C00FE5B59 /* CustomTabItem.swift */,
				8BC86CC42B86264C00FE5B59 /* CustomItemView.swift */,
				8BC86CC52B86264C00FE5B59 /* CustomTabbar.swift */,
				8BC86CC62B86264C00FE5B59 /* CustomTabBarController.swift */,
			);
			path = Tabbar;
			sourceTree = "<group>";
		};
		8BC86CCD2B86273500FE5B59 /* Workout */ = {
			isa = PBXGroup;
			children = (
				8BC86CCE2B86275100FE5B59 /* WorkoutViewController.swift */,
				8BC86CF62B881F0A00FE5B59 /* WorkoutView.swift */,
				8BC86CF82B8820F000FE5B59 /* WorkoutPresenter.swift */,
				8BC86CFA2B8821D900FE5B59 /* WorkoutModels.swift */,
				8BC86CFC2B88272700FE5B59 /* WorkoutSectionHeaderView.swift */,
			);
			path = Workout;
			sourceTree = "<group>";
		};
		8BC86CD02B86275A00FE5B59 /* Home */ = {
			isa = PBXGroup;
			children = (
				8BC86D142B89C62E00FE5B59 /* PlayWorkout */,
				8BC86D072B886C9400FE5B59 /* ConfigureWorkout */,
				8BC86CD12B86276A00FE5B59 /* HomeViewController.swift */,
				8BC86CDF2B870E0200FE5B59 /* HomeView.swift */,
				8BC86CE12B870E8E00FE5B59 /* WorkoutTableViewCell.swift */,
				8BC86CE32B87114E00FE5B59 /* GradientView.swift */,
				8BC86CE52B87133E00FE5B59 /* HomeModels.swift */,
				8BC86CE72B87142B00FE5B59 /* HomePresenter.swift */,
				8BC86CE92B87343200FE5B59 /* CurrentActiveWorkoutView.swift */,
				8BC86CEB2B87369D00FE5B59 /* TimerLabelView.swift */,
				8BC86CED2B87394F00FE5B59 /* TimerView.swift */,
				8BC86CEF2B87422800FE5B59 /* HomeHeaderView.swift */,
				8BC86CF12B8744B500FE5B59 /* CustomButton.swift */,
				8BC86CF32B874F6200FE5B59 /* StatusView.swift */,
			);
			path = Home;
			sourceTree = "<group>";
		};
		8BC86CD32B86277F00FE5B59 /* Setting */ = {
			isa = PBXGroup;
			children = (
				8BC86CD42B86278D00FE5B59 /* SettingsViewController.swift */,
				8BC86CFE2B883CBD00FE5B59 /* SettingsView.swift */,
				8BC86D002B883D1A00FE5B59 /* SettingsModels.swift */,
				8BC86D022B883FC100FE5B59 /* SettingsTableViewCell.swift */,
				8BC86D052B88559000FE5B59 /* SettingsPresenter.swift */,
			);
			path = Setting;
			sourceTree = "<group>";
		};
		8BC86CD82B86661200FE5B59 /* SkillRegistration */ = {
			isa = PBXGroup;
			children = (
				8BC86CD92B86664600FE5B59 /* ChooseSkillViewController.swift */,
				8BC86CDB2B86667300FE5B59 /* ChooseSkillView.swift */,
				8BC86CDD2B868DF800FE5B59 /* SkillModels.swift */,
			);
			path = SkillRegistration;
			sourceTree = "<group>";
		};
		8BC86D072B886C9400FE5B59 /* ConfigureWorkout */ = {
			isa = PBXGroup;
			children = (
				8BC86D082B886CC100FE5B59 /* ConfigureWorkoutViewController.swift */,
				8BC86D0A2B886DA600FE5B59 /* ConfigureWorkoutView.swift */,
				8BC86D0C2B886E6900FE5B59 /* ConfigureWorkoutHeaderView.swift */,
				8BC86D0E2B88716700FE5B59 /* WorkoutExerciseTableViewCell.swift */,
				8BC86D102B8874AD00FE5B59 /* ConfigureWorkoutPresenter.swift */,
				8BC86D122B88752600FE5B59 /* ConfigureWorkoutModels.swift */,
			);
			path = ConfigureWorkout;
			sourceTree = "<group>";
		};
		8BC86D142B89C62E00FE5B59 /* PlayWorkout */ = {
			isa = PBXGroup;
			children = (
				8BC86D152B89C64200FE5B59 /* PlayWorkoutViewController.swift */,
				8BC86D172B89D18F00FE5B59 /* PlayWorkoutView.swift */,
				8BC86D192B89F71900FE5B59 /* PlayWorkoutPresenter.swift */,
				8BC86D1B2B8A05CA00FE5B59 /* PlayWorkoutBottomView.swift */,
				8BC86D1D2B8A328A00FE5B59 /* WorkoutFinishedView.swift */,
				8BC86D1F2B8A335F00FE5B59 /* WorkoutFinishedListItemView.swift */,
				8BC86D212B8A3DE100FE5B59 /* PlayWorkoutModels.swift */,
			);
			path = PlayWorkout;
			sourceTree = "<group>";
		};
		AABFB35CE6379AB9DAABD1ED /* Frameworks */ = {
			isa = PBXGroup;
			children = (
				F2E5822AAF60EE191CBEFED2 /* Pods_SoccerWorkout.framework */,
				74D5766250EF0B99D74F69E3 /* Pods_SoccerWorkout_SoccerWorkoutUITests.framework */,
				219A8B71A93A78275A524970 /* Pods_SoccerWorkoutTests.framework */,
			);
			name = Frameworks;
			sourceTree = "<group>";
		};
/* End PBXGroup section */

/* Begin PBXNativeTarget section */
		8BC86C1E2B85D0F400FE5B59 /* SoccerWorkout */ = {
			isa = PBXNativeTarget;
			buildConfigurationList = 8BC86C492B85D0F500FE5B59 /* Build configuration list for PBXNativeTarget "SoccerWorkout" */;
			buildPhases = (
				CE98C5C48C2C623095997028 /* [CP] Check Pods Manifest.lock */,
				8BC86C1B2B85D0F400FE5B59 /* Sources */,
				8BC86C1C2B85D0F400FE5B59 /* Frameworks */,
				8BC86C1D2B85D0F400FE5B59 /* Resources */,
				837A760B3F3ADD2BD558B346 /* [CP] Embed Pods Frameworks */,
			);
			buildRules = (
			);
			dependencies = (
			);
			name = SoccerWorkout;
			productName = SoccerWorkout;
			productReference = 8BC86C1F2B85D0F400FE5B59 /* SoccerWorkout.app */;
			productType = "com.apple.product-type.application";
		};
		8BC86C342B85D0F500FE5B59 /* SoccerWorkoutTests */ = {
			isa = PBXNativeTarget;
			buildConfigurationList = 8BC86C4C2B85D0F500FE5B59 /* Build configuration list for PBXNativeTarget "SoccerWorkoutTests" */;
			buildPhases = (
				3A98187D13DFDB8349F2EA7F /* [CP] Check Pods Manifest.lock */,
				8BC86C312B85D0F500FE5B59 /* Sources */,
				8BC86C322B85D0F500FE5B59 /* Frameworks */,
				8BC86C332B85D0F500FE5B59 /* Resources */,
			);
			buildRules = (
			);
			dependencies = (
				8BC86C372B85D0F500FE5B59 /* PBXTargetDependency */,
			);
			name = SoccerWorkoutTests;
			productName = SoccerWorkoutTests;
			productReference = 8BC86C352B85D0F500FE5B59 /* SoccerWorkoutTests.xctest */;
			productType = "com.apple.product-type.bundle.unit-test";
		};
		8BC86C3E2B85D0F500FE5B59 /* SoccerWorkoutUITests */ = {
			isa = PBXNativeTarget;
			buildConfigurationList = 8BC86C4F2B85D0F500FE5B59 /* Build configuration list for PBXNativeTarget "SoccerWorkoutUITests" */;
			buildPhases = (
				A9AEE7791CB9563E7D2DA071 /* [CP] Check Pods Manifest.lock */,
				8BC86C3B2B85D0F500FE5B59 /* Sources */,
				8BC86C3C2B85D0F500FE5B59 /* Frameworks */,
				8BC86C3D2B85D0F500FE5B59 /* Resources */,
				01EED46A4080A84442966F60 /* [CP] Embed Pods Frameworks */,
			);
			buildRules = (
			);
			dependencies = (
				8BC86C412B85D0F500FE5B59 /* PBXTargetDependency */,
			);
			name = SoccerWorkoutUITests;
			productName = SoccerWorkoutUITests;
			productReference = 8BC86C3F2B85D0F500FE5B59 /* SoccerWorkoutUITests.xctest */;
			productType = "com.apple.product-type.bundle.ui-testing";
		};
/* End PBXNativeTarget section */

/* Begin PBXProject section */
		8BC86C172B85D0F400FE5B59 /* Project object */ = {
			isa = PBXProject;
			attributes = {
				BuildIndependentTargetsInParallel = 1;
				LastSwiftUpdateCheck = 1520;
				LastUpgradeCheck = 1520;
				TargetAttributes = {
					8BC86C1E2B85D0F400FE5B59 = {
						CreatedOnToolsVersion = 15.2;
					};
					8BC86C342B85D0F500FE5B59 = {
						CreatedOnToolsVersion = 15.2;
						TestTargetID = 8BC86C1E2B85D0F400FE5B59;
					};
					8BC86C3E2B85D0F500FE5B59 = {
						CreatedOnToolsVersion = 15.2;
						TestTargetID = 8BC86C1E2B85D0F400FE5B59;
					};
				};
			};
			buildConfigurationList = 8BC86C1A2B85D0F400FE5B59 /* Build configuration list for PBXProject "SoccerWorkout" */;
			compatibilityVersion = "Xcode 14.0";
			developmentRegion = en;
			hasScannedForEncodings = 0;
			knownRegions = (
				en,
				Base,
			);
			mainGroup = 8BC86C162B85D0F400FE5B59;
			productRefGroup = 8BC86C202B85D0F400FE5B59 /* Products */;
			projectDirPath = "";
			projectRoot = "";
			targets = (
				8BC86C1E2B85D0F400FE5B59 /* SoccerWorkout */,
				8BC86C342B85D0F500FE5B59 /* SoccerWorkoutTests */,
				8BC86C3E2B85D0F500FE5B59 /* SoccerWorkoutUITests */,
			);
		};
/* End PBXProject section */

/* Begin PBXResourcesBuildPhase section */
		8BC86C1D2B85D0F400FE5B59 /* Resources */ = {
			isa = PBXResourcesBuildPhase;
			buildActionMask = 2147483647;
			files = (
				8BC86C9E2B8617D700FE5B59 /* Poppins-Medium.ttf in Resources */,
				8BC86C2F2B85D0F500FE5B59 /* LaunchScreen.storyboard in Resources */,
				8BC86C2C2B85D0F500FE5B59 /* Assets.xcassets in Resources */,
				8BC86C9F2B8617D700FE5B59 /* Poppins-Regular.ttf in Resources */,
			);
			runOnlyForDeploymentPostprocessing = 0;
		};
		8BC86C332B85D0F500FE5B59 /* Resources */ = {
			isa = PBXResourcesBuildPhase;
			buildActionMask = 2147483647;
			files = (
			);
			runOnlyForDeploymentPostprocessing = 0;
		};
		8BC86C3D2B85D0F500FE5B59 /* Resources */ = {
			isa = PBXResourcesBuildPhase;
			buildActionMask = 2147483647;
			files = (
			);
			runOnlyForDeploymentPostprocessing = 0;
		};
/* End PBXResourcesBuildPhase section */

/* Begin PBXShellScriptBuildPhase section */
		01EED46A4080A84442966F60 /* [CP] Embed Pods Frameworks */ = {
			isa = PBXShellScriptBuildPhase;
			buildActionMask = 2147483647;
			files = (
			);
			inputFileListPaths = (
				"${PODS_ROOT}/Target Support Files/Pods-SoccerWorkout-SoccerWorkoutUITests/Pods-SoccerWorkout-SoccerWorkoutUITests-frameworks-${CONFIGURATION}-input-files.xcfilelist",
			);
			name = "[CP] Embed Pods Frameworks";
			outputFileListPaths = (
				"${PODS_ROOT}/Target Support Files/Pods-SoccerWorkout-SoccerWorkoutUITests/Pods-SoccerWorkout-SoccerWorkoutUITests-frameworks-${CONFIGURATION}-output-files.xcfilelist",
			);
			runOnlyForDeploymentPostprocessing = 0;
			shellPath = /bin/sh;
			shellScript = "\"${PODS_ROOT}/Target Support Files/Pods-SoccerWorkout-SoccerWorkoutUITests/Pods-SoccerWorkout-SoccerWorkoutUITests-frameworks.sh\"\n";
			showEnvVarsInLog = 0;
		};
		3A98187D13DFDB8349F2EA7F /* [CP] Check Pods Manifest.lock */ = {
			isa = PBXShellScriptBuildPhase;
			buildActionMask = 2147483647;
			files = (
			);
			inputFileListPaths = (
			);
			inputPaths = (
				"${PODS_PODFILE_DIR_PATH}/Podfile.lock",
				"${PODS_ROOT}/Manifest.lock",
			);
			name = "[CP] Check Pods Manifest.lock";
			outputFileListPaths = (
			);
			outputPaths = (
				"$(DERIVED_FILE_DIR)/Pods-SoccerWorkoutTests-checkManifestLockResult.txt",
			);
			runOnlyForDeploymentPostprocessing = 0;
			shellPath = /bin/sh;
			shellScript = "diff \"${PODS_PODFILE_DIR_PATH}/Podfile.lock\" \"${PODS_ROOT}/Manifest.lock\" > /dev/null\nif [ $? != 0 ] ; then\n    # print error to STDERR\n    echo \"error: The sandbox is not in sync with the Podfile.lock. Run 'pod install' or update your CocoaPods installation.\" >&2\n    exit 1\nfi\n# This output is used by Xcode 'outputs' to avoid re-running this script phase.\necho \"SUCCESS\" > \"${SCRIPT_OUTPUT_FILE_0}\"\n";
			showEnvVarsInLog = 0;
		};
		837A760B3F3ADD2BD558B346 /* [CP] Embed Pods Frameworks */ = {
			isa = PBXShellScriptBuildPhase;
			buildActionMask = 2147483647;
			files = (
			);
			inputFileListPaths = (
				"${PODS_ROOT}/Target Support Files/Pods-SoccerWorkout/Pods-SoccerWorkout-frameworks-${CONFIGURATION}-input-files.xcfilelist",
			);
			name = "[CP] Embed Pods Frameworks";
			outputFileListPaths = (
				"${PODS_ROOT}/Target Support Files/Pods-SoccerWorkout/Pods-SoccerWorkout-frameworks-${CONFIGURATION}-output-files.xcfilelist",
			);
			runOnlyForDeploymentPostprocessing = 0;
			shellPath = /bin/sh;
			shellScript = "\"${PODS_ROOT}/Target Support Files/Pods-SoccerWorkout/Pods-SoccerWorkout-frameworks.sh\"\n";
			showEnvVarsInLog = 0;
		};
		A9AEE7791CB9563E7D2DA071 /* [CP] Check Pods Manifest.lock */ = {
			isa = PBXShellScriptBuildPhase;
			buildActionMask = 2147483647;
			files = (
			);
			inputFileListPaths = (
			);
			inputPaths = (
				"${PODS_PODFILE_DIR_PATH}/Podfile.lock",
				"${PODS_ROOT}/Manifest.lock",
			);
			name = "[CP] Check Pods Manifest.lock";
			outputFileListPaths = (
			);
			outputPaths = (
				"$(DERIVED_FILE_DIR)/Pods-SoccerWorkout-SoccerWorkoutUITests-checkManifestLockResult.txt",
			);
			runOnlyForDeploymentPostprocessing = 0;
			shellPath = /bin/sh;
			shellScript = "diff \"${PODS_PODFILE_DIR_PATH}/Podfile.lock\" \"${PODS_ROOT}/Manifest.lock\" > /dev/null\nif [ $? != 0 ] ; then\n    # print error to STDERR\n    echo \"error: The sandbox is not in sync with the Podfile.lock. Run 'pod install' or update your CocoaPods installation.\" >&2\n    exit 1\nfi\n# This output is used by Xcode 'outputs' to avoid re-running this script phase.\necho \"SUCCESS\" > \"${SCRIPT_OUTPUT_FILE_0}\"\n";
			showEnvVarsInLog = 0;
		};
		CE98C5C48C2C623095997028 /* [CP] Check Pods Manifest.lock */ = {
			isa = PBXShellScriptBuildPhase;
			buildActionMask = 2147483647;
			files = (
			);
			inputFileListPaths = (
			);
			inputPaths = (
				"${PODS_PODFILE_DIR_PATH}/Podfile.lock",
				"${PODS_ROOT}/Manifest.lock",
			);
			name = "[CP] Check Pods Manifest.lock";
			outputFileListPaths = (
			);
			outputPaths = (
				"$(DERIVED_FILE_DIR)/Pods-SoccerWorkout-checkManifestLockResult.txt",
			);
			runOnlyForDeploymentPostprocessing = 0;
			shellPath = /bin/sh;
			shellScript = "diff \"${PODS_PODFILE_DIR_PATH}/Podfile.lock\" \"${PODS_ROOT}/Manifest.lock\" > /dev/null\nif [ $? != 0 ] ; then\n    # print error to STDERR\n    echo \"error: The sandbox is not in sync with the Podfile.lock. Run 'pod install' or update your CocoaPods installation.\" >&2\n    exit 1\nfi\n# This output is used by Xcode 'outputs' to avoid re-running this script phase.\necho \"SUCCESS\" > \"${SCRIPT_OUTPUT_FILE_0}\"\n";
			showEnvVarsInLog = 0;
		};
/* End PBXShellScriptBuildPhase section */

/* Begin PBXSourcesBuildPhase section */
		8BC86C1B2B85D0F400FE5B59 /* Sources */ = {
			isa = PBXSourcesBuildPhase;
			buildActionMask = 2147483647;
			files = (
				8BC86C8B2B86141D00FE5B59 /* LoaderButton.swift in Sources */,
				8BC86C922B86141D00FE5B59 /* UISearchBarExt.swift in Sources */,
				8BC86CA62B8623D700FE5B59 /* RequestSender.swift in Sources */,
				8BC86CDE2B868DF800FE5B59 /* SkillModels.swift in Sources */,
				8BC86CF42B874F6200FE5B59 /* StatusView.swift in Sources */,
				8BC86C8E2B86141D00FE5B59 /* UIButtonExt.swift in Sources */,
				8BC86CDA2B86664600FE5B59 /* ChooseSkillViewController.swift in Sources */,
				8BC86C862B86141D00FE5B59 /* DeviceEnum.swift in Sources */,
				8BC86CB42B8624DD00FE5B59 /* DeleteParser.swift in Sources */,
				8BC86CF02B87422800FE5B59 /* HomeHeaderView.swift in Sources */,
				8BC86C6B2B8613FF00FE5B59 /* EnterModel.swift in Sources */,
				8BC86C8A2B86141D00FE5B59 /* InteractiveLinkLabel.swift in Sources */,
				8BC86CB92B8624FA00FE5B59 /* WorkoutEndPoint.swift in Sources */,
				8BC86CCA2B86264C00FE5B59 /* CustomTabBarController.swift in Sources */,
				8BC86D1E2B8A328A00FE5B59 /* WorkoutFinishedView.swift in Sources */,
				8BC86C982B86141D00FE5B59 /* DateExt.swift in Sources */,
				8BC86CFF2B883CBD00FE5B59 /* SettingsView.swift in Sources */,
				8BC86CCF2B86275100FE5B59 /* WorkoutViewController.swift in Sources */,
				8BC86D202B8A335F00FE5B59 /* WorkoutFinishedListItemView.swift in Sources */,
				8BC86CCC2B86270B00FE5B59 /* AppleApiEndPoint.swift in Sources */,
				8BC86C582B85D31300FE5B59 /* CoreAssembly.swift in Sources */,
				8BC86CF22B8744B500FE5B59 /* CustomButton.swift in Sources */,
				8BC86C972B86141D00FE5B59 /* UIApplicationExt.swift in Sources */,
				8BC86C5A2B85D32500FE5B59 /* ServiceAssembly.swift in Sources */,
				8BC86CA22B8620EA00FE5B59 /* ApiConstants.swift in Sources */,
				8BC86C962B86141D00FE5B59 /* UITextViewExt.swift in Sources */,
				8BC86D112B8874AD00FE5B59 /* ConfigureWorkoutPresenter.swift in Sources */,
				8BC86CE42B87114E00FE5B59 /* GradientView.swift in Sources */,
				8BC86CC12B8625C100FE5B59 /* UserDefaultsStorage.swift in Sources */,
				8BC86C232B85D0F400FE5B59 /* AppDelegate.swift in Sources */,
				8BC86C6C2B8613FF00FE5B59 /* EnterViewController.swift in Sources */,
				8BC86CAA2B86240800FE5B59 /* NetworkError.swift in Sources */,
				8BC86CF92B8820F000FE5B59 /* WorkoutPresenter.swift in Sources */,
				8BC86CD52B86278D00FE5B59 /* SettingsViewController.swift in Sources */,
				8BC86C9B2B86141D00FE5B59 /* WebViewViewController.swift in Sources */,
				8BC86C932B86141D00FE5B59 /* CollectionExt.swift in Sources */,
				8BC86CA82B8623F200FE5B59 /* IRequestSender.swift in Sources */,
				8BC86CEA2B87343200FE5B59 /* CurrentActiveWorkoutView.swift in Sources */,
				8BC86C952B86141D00FE5B59 /* ClassExt.swift in Sources */,
				8BC86C882B86141D00FE5B59 /* AdaptiveLayoutHelper.swift in Sources */,
				8BC86C902B86141D00FE5B59 /* UIFontExt.swift in Sources */,
				8BC86CFD2B88272700FE5B59 /* WorkoutSectionHeaderView.swift in Sources */,
				8BC86D032B883FC100FE5B59 /* SettingsTableViewCell.swift in Sources */,
				8BC86C912B86141D00FE5B59 /* UIViewControllerExt.swift in Sources */,
				8BC86D0F2B88716700FE5B59 /* WorkoutExerciseTableViewCell.swift in Sources */,
				8BC86C5C2B85D34500FE5B59 /* PresentationAssembly.swift in Sources */,
				8BC86D092B886CC100FE5B59 /* ConfigureWorkoutViewController.swift in Sources */,
				8BC86CEC2B87369D00FE5B59 /* TimerLabelView.swift in Sources */,
				8BC86CE02B870E0200FE5B59 /* HomeView.swift in Sources */,
				8BC86C8F2B86141D00FE5B59 /* UIViewExt.swift in Sources */,
				8BC86C8C2B86141D00FE5B59 /* CGFloatExt.swift in Sources */,
				8BC86C992B86141D00FE5B59 /* UILabelExt.swift in Sources */,
				8BC86CAD2B86246B00FE5B59 /* IParser.swift in Sources */,
				8BC86C872B86141D00FE5B59 /* Dimension.swift in Sources */,
				8BC86CC92B86264C00FE5B59 /* CustomTabbar.swift in Sources */,
				8BC86C8D2B86141D00FE5B59 /* UIColorExt.swift in Sources */,
				8BC86C9A2B86141D00FE5B59 /* Globals.swift in Sources */,
				8BC86CE22B870E8E00FE5B59 /* WorkoutTableViewCell.swift in Sources */,
				8BC86CA42B86239000FE5B59 /* NetworkService.swift in Sources */,
				8BC86CD22B86276A00FE5B59 /* HomeViewController.swift in Sources */,
				8BC86C942B86141D00FE5B59 /* UITableView+Extensions.swift in Sources */,
				8BC86CE82B87142B00FE5B59 /* HomePresenter.swift in Sources */,
				8BC86D132B88752600FE5B59 /* ConfigureWorkoutModels.swift in Sources */,
				8BC86CC72B86264C00FE5B59 /* CustomTabItem.swift in Sources */,
				8BC86D1A2B89F71900FE5B59 /* PlayWorkoutPresenter.swift in Sources */,
				8BC86CC82B86264C00FE5B59 /* CustomItemView.swift in Sources */,
				8BC86D062B88559000FE5B59 /* SettingsPresenter.swift in Sources */,
				8BC86CB52B8624DD00FE5B59 /* SavePushTokenParser.swift in Sources */,
				8BC86CD72B864DEB00FE5B59 /* RootAssembly.swift in Sources */,
				8BC86CEE2B87394F00FE5B59 /* TimerView.swift in Sources */,
				8BC86D0D2B886E6900FE5B59 /* ConfigureWorkoutHeaderView.swift in Sources */,
				8BC86C892B86141D00FE5B59 /* AdaptedConstraint.swift in Sources */,
				8BC86D222B8A3DE100FE5B59 /* PlayWorkoutModels.swift in Sources */,
				8BC86CFB2B8821D900FE5B59 /* WorkoutModels.swift in Sources */,
				8BC86CBB2B86251A00FE5B59 /* ApiConfiguration.swift in Sources */,
				8BC86C252B85D0F400FE5B59 /* SceneDelegate.swift in Sources */,
				8BC86CB62B8624DD00FE5B59 /* SignInParser.swift in Sources */,
				8BC86CE62B87133E00FE5B59 /* HomeModels.swift in Sources */,
				8BC86CB72B8624DD00FE5B59 /* SucceedParser.swift in Sources */,
				8BC86D012B883D1A00FE5B59 /* SettingsModels.swift in Sources */,
				8BC86CBF2B8625A900FE5B59 /* SecureStorage.swift in Sources */,
				8BC86CDC2B86667300FE5B59 /* ChooseSkillView.swift in Sources */,
				8BC86CF72B881F0A00FE5B59 /* WorkoutView.swift in Sources */,
				8BC86CAF2B8624C200FE5B59 /* ConfigFactory.swift in Sources */,
				8BC86C692B8613FF00FE5B59 /* EnterCollectionViewCell.swift in Sources */,
				8BC86D0B2B886DA600FE5B59 /* ConfigureWorkoutView.swift in Sources */,
				8BC86C682B8613FF00FE5B59 /* EnterView.swift in Sources */,
				8BC86D162B89C64200FE5B59 /* PlayWorkoutViewController.swift in Sources */,
				8BC86D182B89D18F00FE5B59 /* PlayWorkoutView.swift in Sources */,
				8BC86CBD2B86257000FE5B59 /* AppInfoService.swift in Sources */,
				8BC86D1C2B8A05CA00FE5B59 /* PlayWorkoutBottomView.swift in Sources */,
			);
			runOnlyForDeploymentPostprocessing = 0;
		};
		8BC86C312B85D0F500FE5B59 /* Sources */ = {
			isa = PBXSourcesBuildPhase;
			buildActionMask = 2147483647;
			files = (
				8BC86C3A2B85D0F500FE5B59 /* SoccerWorkoutTests.swift in Sources */,
			);
			runOnlyForDeploymentPostprocessing = 0;
		};
		8BC86C3B2B85D0F500FE5B59 /* Sources */ = {
			isa = PBXSourcesBuildPhase;
			buildActionMask = 2147483647;
			files = (
				8BC86C442B85D0F500FE5B59 /* SoccerWorkoutUITests.swift in Sources */,
				8BC86C462B85D0F500FE5B59 /* SoccerWorkoutUITestsLaunchTests.swift in Sources */,
			);
			runOnlyForDeploymentPostprocessing = 0;
		};
/* End PBXSourcesBuildPhase section */

/* Begin PBXTargetDependency section */
		8BC86C372B85D0F500FE5B59 /* PBXTargetDependency */ = {
			isa = PBXTargetDependency;
			target = 8BC86C1E2B85D0F400FE5B59 /* SoccerWorkout */;
			targetProxy = 8BC86C362B85D0F500FE5B59 /* PBXContainerItemProxy */;
		};
		8BC86C412B85D0F500FE5B59 /* PBXTargetDependency */ = {
			isa = PBXTargetDependency;
			target = 8BC86C1E2B85D0F400FE5B59 /* SoccerWorkout */;
			targetProxy = 8BC86C402B85D0F500FE5B59 /* PBXContainerItemProxy */;
		};
/* End PBXTargetDependency section */

/* Begin PBXVariantGroup section */
		8BC86C2D2B85D0F500FE5B59 /* LaunchScreen.storyboard */ = {
			isa = PBXVariantGroup;
			children = (
				8BC86C2E2B85D0F500FE5B59 /* Base */,
			);
			name = LaunchScreen.storyboard;
			sourceTree = "<group>";
		};
/* End PBXVariantGroup section */

/* Begin XCBuildConfiguration section */
		8BC86C472B85D0F500FE5B59 /* Debug */ = {
			isa = XCBuildConfiguration;
			buildSettings = {
				ALWAYS_SEARCH_USER_PATHS = NO;
				ASSETCATALOG_COMPILER_GENERATE_SWIFT_ASSET_SYMBOL_EXTENSIONS = YES;
				CLANG_ANALYZER_NONNULL = YES;
				CLANG_ANALYZER_NUMBER_OBJECT_CONVERSION = YES_AGGRESSIVE;
				CLANG_CXX_LANGUAGE_STANDARD = "gnu++20";
				CLANG_ENABLE_MODULES = YES;
				CLANG_ENABLE_OBJC_ARC = YES;
				CLANG_ENABLE_OBJC_WEAK = YES;
				CLANG_WARN_BLOCK_CAPTURE_AUTORELEASING = YES;
				CLANG_WARN_BOOL_CONVERSION = YES;
				CLANG_WARN_COMMA = YES;
				CLANG_WARN_CONSTANT_CONVERSION = YES;
				CLANG_WARN_DEPRECATED_OBJC_IMPLEMENTATIONS = YES;
				CLANG_WARN_DIRECT_OBJC_ISA_USAGE = YES_ERROR;
				CLANG_WARN_DOCUMENTATION_COMMENTS = YES;
				CLANG_WARN_EMPTY_BODY = YES;
				CLANG_WARN_ENUM_CONVERSION = YES;
				CLANG_WARN_INFINITE_RECURSION = YES;
				CLANG_WARN_INT_CONVERSION = YES;
				CLANG_WARN_NON_LITERAL_NULL_CONVERSION = YES;
				CLANG_WARN_OBJC_IMPLICIT_RETAIN_SELF = YES;
				CLANG_WARN_OBJC_LITERAL_CONVERSION = YES;
				CLANG_WARN_OBJC_ROOT_CLASS = YES_ERROR;
				CLANG_WARN_QUOTED_INCLUDE_IN_FRAMEWORK_HEADER = YES;
				CLANG_WARN_RANGE_LOOP_ANALYSIS = YES;
				CLANG_WARN_STRICT_PROTOTYPES = YES;
				CLANG_WARN_SUSPICIOUS_MOVE = YES;
				CLANG_WARN_UNGUARDED_AVAILABILITY = YES_AGGRESSIVE;
				CLANG_WARN_UNREACHABLE_CODE = YES;
				CLANG_WARN__DUPLICATE_METHOD_MATCH = YES;
				COPY_PHASE_STRIP = NO;
				DEBUG_INFORMATION_FORMAT = dwarf;
				ENABLE_STRICT_OBJC_MSGSEND = YES;
				ENABLE_TESTABILITY = YES;
				ENABLE_USER_SCRIPT_SANDBOXING = NO;
				GCC_C_LANGUAGE_STANDARD = gnu17;
				GCC_DYNAMIC_NO_PIC = NO;
				GCC_NO_COMMON_BLOCKS = YES;
				GCC_OPTIMIZATION_LEVEL = 0;
				GCC_PREPROCESSOR_DEFINITIONS = (
					"DEBUG=1",
					"$(inherited)",
				);
				GCC_WARN_64_TO_32_BIT_CONVERSION = YES;
				GCC_WARN_ABOUT_RETURN_TYPE = YES_ERROR;
				GCC_WARN_UNDECLARED_SELECTOR = YES;
				GCC_WARN_UNINITIALIZED_AUTOS = YES_AGGRESSIVE;
				GCC_WARN_UNUSED_FUNCTION = YES;
				GCC_WARN_UNUSED_VARIABLE = YES;
				IPHONEOS_DEPLOYMENT_TARGET = 17.2;
				LOCALIZATION_PREFERS_STRING_CATALOGS = YES;
				MTL_ENABLE_DEBUG_INFO = INCLUDE_SOURCE;
				MTL_FAST_MATH = YES;
				ONLY_ACTIVE_ARCH = YES;
				SDKROOT = iphoneos;
				SWIFT_ACTIVE_COMPILATION_CONDITIONS = "DEBUG $(inherited)";
				SWIFT_OPTIMIZATION_LEVEL = "-Onone";
			};
			name = Debug;
		};
		8BC86C482B85D0F500FE5B59 /* Release */ = {
			isa = XCBuildConfiguration;
			buildSettings = {
				ALWAYS_SEARCH_USER_PATHS = NO;
				ASSETCATALOG_COMPILER_GENERATE_SWIFT_ASSET_SYMBOL_EXTENSIONS = YES;
				CLANG_ANALYZER_NONNULL = YES;
				CLANG_ANALYZER_NUMBER_OBJECT_CONVERSION = YES_AGGRESSIVE;
				CLANG_CXX_LANGUAGE_STANDARD = "gnu++20";
				CLANG_ENABLE_MODULES = YES;
				CLANG_ENABLE_OBJC_ARC = YES;
				CLANG_ENABLE_OBJC_WEAK = YES;
				CLANG_WARN_BLOCK_CAPTURE_AUTORELEASING = YES;
				CLANG_WARN_BOOL_CONVERSION = YES;
				CLANG_WARN_COMMA = YES;
				CLANG_WARN_CONSTANT_CONVERSION = YES;
				CLANG_WARN_DEPRECATED_OBJC_IMPLEMENTATIONS = YES;
				CLANG_WARN_DIRECT_OBJC_ISA_USAGE = YES_ERROR;
				CLANG_WARN_DOCUMENTATION_COMMENTS = YES;
				CLANG_WARN_EMPTY_BODY = YES;
				CLANG_WARN_ENUM_CONVERSION = YES;
				CLANG_WARN_INFINITE_RECURSION = YES;
				CLANG_WARN_INT_CONVERSION = YES;
				CLANG_WARN_NON_LITERAL_NULL_CONVERSION = YES;
				CLANG_WARN_OBJC_IMPLICIT_RETAIN_SELF = YES;
				CLANG_WARN_OBJC_LITERAL_CONVERSION = YES;
				CLANG_WARN_OBJC_ROOT_CLASS = YES_ERROR;
				CLANG_WARN_QUOTED_INCLUDE_IN_FRAMEWORK_HEADER = YES;
				CLANG_WARN_RANGE_LOOP_ANALYSIS = YES;
				CLANG_WARN_STRICT_PROTOTYPES = YES;
				CLANG_WARN_SUSPICIOUS_MOVE = YES;
				CLANG_WARN_UNGUARDED_AVAILABILITY = YES_AGGRESSIVE;
				CLANG_WARN_UNREACHABLE_CODE = YES;
				CLANG_WARN__DUPLICATE_METHOD_MATCH = YES;
				COPY_PHASE_STRIP = NO;
				DEBUG_INFORMATION_FORMAT = "dwarf-with-dsym";
				ENABLE_NS_ASSERTIONS = NO;
				ENABLE_STRICT_OBJC_MSGSEND = YES;
				ENABLE_USER_SCRIPT_SANDBOXING = NO;
				GCC_C_LANGUAGE_STANDARD = gnu17;
				GCC_NO_COMMON_BLOCKS = YES;
				GCC_WARN_64_TO_32_BIT_CONVERSION = YES;
				GCC_WARN_ABOUT_RETURN_TYPE = YES_ERROR;
				GCC_WARN_UNDECLARED_SELECTOR = YES;
				GCC_WARN_UNINITIALIZED_AUTOS = YES_AGGRESSIVE;
				GCC_WARN_UNUSED_FUNCTION = YES;
				GCC_WARN_UNUSED_VARIABLE = YES;
				IPHONEOS_DEPLOYMENT_TARGET = 17.2;
				LOCALIZATION_PREFERS_STRING_CATALOGS = YES;
				MTL_ENABLE_DEBUG_INFO = NO;
				MTL_FAST_MATH = YES;
				SDKROOT = iphoneos;
				SWIFT_COMPILATION_MODE = wholemodule;
				VALIDATE_PRODUCT = YES;
			};
			name = Release;
		};
		8BC86C4A2B85D0F500FE5B59 /* Debug */ = {
			isa = XCBuildConfiguration;
			baseConfigurationReference = E01A8C3501E4E14DFD39F542 /* Pods-SoccerWorkout.debug.xcconfig */;
			buildSettings = {
				ASSETCATALOG_COMPILER_APPICON_NAME = AppIcon;
				ASSETCATALOG_COMPILER_GLOBAL_ACCENT_COLOR_NAME = AccentColor;
				CODE_SIGN_ENTITLEMENTS = SoccerWorkout/SoccerWorkout.entitlements;
				"CODE_SIGN_IDENTITY[sdk=iphoneos*]" = "iPhone Distribution";
				CODE_SIGN_STYLE = Manual;
				CURRENT_PROJECT_VERSION = 1;
				DEVELOPMENT_TEAM = "";
				"DEVELOPMENT_TEAM[sdk=iphoneos*]" = 56MJXT6S6M;
				GENERATE_INFOPLIST_FILE = YES;
				INFOPLIST_FILE = SoccerWorkout/SupportingFiles/Info.plist;
				INFOPLIST_KEY_UIApplicationSupportsIndirectInputEvents = YES;
				INFOPLIST_KEY_UILaunchStoryboardName = LaunchScreen;
				INFOPLIST_KEY_UIMainStoryboardFile = "";
				INFOPLIST_KEY_UISupportedInterfaceOrientations_iPad = "UIInterfaceOrientationPortrait UIInterfaceOrientationPortraitUpsideDown UIInterfaceOrientationLandscapeLeft UIInterfaceOrientationLandscapeRight";
				INFOPLIST_KEY_UISupportedInterfaceOrientations_iPhone = "UIInterfaceOrientationPortrait UIInterfaceOrientationLandscapeLeft UIInterfaceOrientationLandscapeRight";
				IPHONEOS_DEPLOYMENT_TARGET = 14.0;
				LD_RUNPATH_SEARCH_PATHS = (
					"$(inherited)",
					"@executable_path/Frameworks",
				);
				MARKETING_VERSION = 1.0;
				PRODUCT_BUNDLE_IDENTIFIER = com.app.SoccerWorkout;
				PRODUCT_NAME = "$(TARGET_NAME)";
				PROVISIONING_PROFILE_SPECIFIER = "";
				"PROVISIONING_PROFILE_SPECIFIER[sdk=iphoneos*]" = Soccer_Store_PP;
				SUPPORTED_PLATFORMS = "iphoneos iphonesimulator";
				SUPPORTS_MACCATALYST = NO;
				SUPPORTS_MAC_DESIGNED_FOR_IPHONE_IPAD = NO;
				SUPPORTS_XR_DESIGNED_FOR_IPHONE_IPAD = NO;
				SWIFT_EMIT_LOC_STRINGS = YES;
				SWIFT_VERSION = 5.0;
				TARGETED_DEVICE_FAMILY = 1;
			};
			name = Debug;
		};
		8BC86C4B2B85D0F500FE5B59 /* Release */ = {
			isa = XCBuildConfiguration;
			baseConfigurationReference = E90B5DC7AE8FC356CCD06563 /* Pods-SoccerWorkout.release.xcconfig */;
			buildSettings = {
				ASSETCATALOG_COMPILER_APPICON_NAME = AppIcon;
				ASSETCATALOG_COMPILER_GLOBAL_ACCENT_COLOR_NAME = AccentColor;
				CODE_SIGN_ENTITLEMENTS = SoccerWorkout/SoccerWorkout.entitlements;
				"CODE_SIGN_IDENTITY[sdk=iphoneos*]" = "iPhone Distribution";
				CODE_SIGN_STYLE = Manual;
				CURRENT_PROJECT_VERSION = 1;
				DEVELOPMENT_TEAM = "";
				"DEVELOPMENT_TEAM[sdk=iphoneos*]" = 56MJXT6S6M;
				GENERATE_INFOPLIST_FILE = YES;
				INFOPLIST_FILE = SoccerWorkout/SupportingFiles/Info.plist;
				INFOPLIST_KEY_UIApplicationSupportsIndirectInputEvents = YES;
				INFOPLIST_KEY_UILaunchStoryboardName = LaunchScreen;
				INFOPLIST_KEY_UIMainStoryboardFile = "";
				INFOPLIST_KEY_UISupportedInterfaceOrientations_iPad = "UIInterfaceOrientationPortrait UIInterfaceOrientationPortraitUpsideDown UIInterfaceOrientationLandscapeLeft UIInterfaceOrientationLandscapeRight";
				INFOPLIST_KEY_UISupportedInterfaceOrientations_iPhone = "UIInterfaceOrientationPortrait UIInterfaceOrientationLandscapeLeft UIInterfaceOrientationLandscapeRight";
				IPHONEOS_DEPLOYMENT_TARGET = 14.0;
				LD_RUNPATH_SEARCH_PATHS = (
					"$(inherited)",
					"@executable_path/Frameworks",
				);
				MARKETING_VERSION = 1.0;
				PRODUCT_BUNDLE_IDENTIFIER = com.app.SoccerWorkout;
				PRODUCT_NAME = "$(TARGET_NAME)";
				PROVISIONING_PROFILE_SPECIFIER = "";
				"PROVISIONING_PROFILE_SPECIFIER[sdk=iphoneos*]" = Soccer_Store_PP;
				SUPPORTED_PLATFORMS = "iphoneos iphonesimulator";
				SUPPORTS_MACCATALYST = NO;
				SUPPORTS_MAC_DESIGNED_FOR_IPHONE_IPAD = NO;
				SUPPORTS_XR_DESIGNED_FOR_IPHONE_IPAD = NO;
				SWIFT_EMIT_LOC_STRINGS = YES;
				SWIFT_VERSION = 5.0;
				TARGETED_DEVICE_FAMILY = 1;
			};
			name = Release;
		};
		8BC86C4D2B85D0F500FE5B59 /* Debug */ = {
			isa = XCBuildConfiguration;
			baseConfigurationReference = 1770DCDCEB4205685A64F2BA /* Pods-SoccerWorkoutTests.debug.xcconfig */;
			buildSettings = {
				ALWAYS_EMBED_SWIFT_STANDARD_LIBRARIES = YES;
				BUNDLE_LOADER = "$(TEST_HOST)";
				CODE_SIGN_STYLE = Automatic;
				CURRENT_PROJECT_VERSION = 1;
				DEVELOPMENT_TEAM = C3M3BW5J7Q;
				GENERATE_INFOPLIST_FILE = YES;
				IPHONEOS_DEPLOYMENT_TARGET = 17.2;
				MARKETING_VERSION = 1.0;
				PRODUCT_BUNDLE_IDENTIFIER = ezy.app.SoccerWorkoutTests;
				PRODUCT_NAME = "$(TARGET_NAME)";
				SWIFT_EMIT_LOC_STRINGS = NO;
				SWIFT_VERSION = 5.0;
				TARGETED_DEVICE_FAMILY = "1,2";
				TEST_HOST = "$(BUILT_PRODUCTS_DIR)/SoccerWorkout.app/$(BUNDLE_EXECUTABLE_FOLDER_PATH)/SoccerWorkout";
			};
			name = Debug;
		};
		8BC86C4E2B85D0F500FE5B59 /* Release */ = {
			isa = XCBuildConfiguration;
			baseConfigurationReference = 9A30F80EF1FB622D589A92D1 /* Pods-SoccerWorkoutTests.release.xcconfig */;
			buildSettings = {
				ALWAYS_EMBED_SWIFT_STANDARD_LIBRARIES = YES;
				BUNDLE_LOADER = "$(TEST_HOST)";
				CODE_SIGN_STYLE = Automatic;
				CURRENT_PROJECT_VERSION = 1;
				DEVELOPMENT_TEAM = C3M3BW5J7Q;
				GENERATE_INFOPLIST_FILE = YES;
				IPHONEOS_DEPLOYMENT_TARGET = 17.2;
				MARKETING_VERSION = 1.0;
				PRODUCT_BUNDLE_IDENTIFIER = ezy.app.SoccerWorkoutTests;
				PRODUCT_NAME = "$(TARGET_NAME)";
				SWIFT_EMIT_LOC_STRINGS = NO;
				SWIFT_VERSION = 5.0;
				TARGETED_DEVICE_FAMILY = "1,2";
				TEST_HOST = "$(BUILT_PRODUCTS_DIR)/SoccerWorkout.app/$(BUNDLE_EXECUTABLE_FOLDER_PATH)/SoccerWorkout";
			};
			name = Release;
		};
		8BC86C502B85D0F500FE5B59 /* Debug */ = {
			isa = XCBuildConfiguration;
			baseConfigurationReference = C54C604C8B67FF17137474A3 /* Pods-SoccerWorkout-SoccerWorkoutUITests.debug.xcconfig */;
			buildSettings = {
				ALWAYS_EMBED_SWIFT_STANDARD_LIBRARIES = YES;
				CODE_SIGN_STYLE = Automatic;
				CURRENT_PROJECT_VERSION = 1;
				DEVELOPMENT_TEAM = C3M3BW5J7Q;
				GENERATE_INFOPLIST_FILE = YES;
				MARKETING_VERSION = 1.0;
				PRODUCT_BUNDLE_IDENTIFIER = ezy.app.SoccerWorkoutUITests;
				PRODUCT_NAME = "$(TARGET_NAME)";
				SWIFT_EMIT_LOC_STRINGS = NO;
				SWIFT_VERSION = 5.0;
				TARGETED_DEVICE_FAMILY = "1,2";
				TEST_TARGET_NAME = SoccerWorkout;
			};
			name = Debug;
		};
		8BC86C512B85D0F500FE5B59 /* Release */ = {
			isa = XCBuildConfiguration;
			baseConfigurationReference = 249FCC52992C8A734E9A188B /* Pods-SoccerWorkout-SoccerWorkoutUITests.release.xcconfig */;
			buildSettings = {
				ALWAYS_EMBED_SWIFT_STANDARD_LIBRARIES = YES;
				CODE_SIGN_STYLE = Automatic;
				CURRENT_PROJECT_VERSION = 1;
				DEVELOPMENT_TEAM = C3M3BW5J7Q;
				GENERATE_INFOPLIST_FILE = YES;
				MARKETING_VERSION = 1.0;
				PRODUCT_BUNDLE_IDENTIFIER = ezy.app.SoccerWorkoutUITests;
				PRODUCT_NAME = "$(TARGET_NAME)";
				SWIFT_EMIT_LOC_STRINGS = NO;
				SWIFT_VERSION = 5.0;
				TARGETED_DEVICE_FAMILY = "1,2";
				TEST_TARGET_NAME = SoccerWorkout;
			};
			name = Release;
		};
/* End XCBuildConfiguration section */

/* Begin XCConfigurationList section */
		8BC86C1A2B85D0F400FE5B59 /* Build configuration list for PBXProject "SoccerWorkout" */ = {
			isa = XCConfigurationList;
			buildConfigurations = (
				8BC86C472B85D0F500FE5B59 /* Debug */,
				8BC86C482B85D0F500FE5B59 /* Release */,
			);
			defaultConfigurationIsVisible = 0;
			defaultConfigurationName = Release;
		};
		8BC86C492B85D0F500FE5B59 /* Build configuration list for PBXNativeTarget "SoccerWorkout" */ = {
			isa = XCConfigurationList;
			buildConfigurations = (
				8BC86C4A2B85D0F500FE5B59 /* Debug */,
				8BC86C4B2B85D0F500FE5B59 /* Release */,
			);
			defaultConfigurationIsVisible = 0;
			defaultConfigurationName = Release;
		};
		8BC86C4C2B85D0F500FE5B59 /* Build configuration list for PBXNativeTarget "SoccerWorkoutTests" */ = {
			isa = XCConfigurationList;
			buildConfigurations = (
				8BC86C4D2B85D0F500FE5B59 /* Debug */,
				8BC86C4E2B85D0F500FE5B59 /* Release */,
			);
			defaultConfigurationIsVisible = 0;
			defaultConfigurationName = Release;
		};
		8BC86C4F2B85D0F500FE5B59 /* Build configuration list for PBXNativeTarget "SoccerWorkoutUITests" */ = {
			isa = XCConfigurationList;
			buildConfigurations = (
				8BC86C502B85D0F500FE5B59 /* Debug */,
				8BC86C512B85D0F500FE5B59 /* Release */,
			);
			defaultConfigurationIsVisible = 0;
			defaultConfigurationName = Release;
		};
/* End XCConfigurationList section */
	};
	rootObject = 8BC86C172B85D0F400FE5B59 /* Project object */;
}
